<?xml version="1.0" encoding="utf-8"?>
<Project ToolsVersion="4.0" xmlns="http://schemas.microsoft.com/developer/msbuild/2003">
  <ItemGroup>
    <ClCompile Include="..\..\src\gb\gb.cpp" />
    <ClCompile Include="..\..\src\gb\gbCheats.cpp" />
    <ClCompile Include="..\..\src\gb\gbDis.cpp" />
    <ClCompile Include="..\..\src\gb\gbGfx.cpp" />
    <ClCompile Include="..\..\src\gb\gbGlobals.cpp" />
    <ClCompile Include="..\..\src\gb\gbMemory.cpp" />
    <ClCompile Include="..\..\src\gb\gbPrinter.cpp" />
    <ClCompile Include="..\..\src\gb\gbSGB.cpp" />
    <ClCompile Include="..\..\src\gb\gbSound.cpp" />
    <ClCompile Include="..\..\src\apu\Blip_Buffer.cpp" />
    <ClCompile Include="..\..\src\apu\Effects_Buffer.cpp" />
    <ClCompile Include="..\..\src\apu\Gb_Apu.cpp" />
    <ClCompile Include="..\..\src\apu\Gb_Apu_State.cpp" />
    <ClCompile Include="..\..\src\apu\Gb_Oscs.cpp" />
    <ClCompile Include="..\..\src\apu\Multi_Buffer.cpp" />
    <ClCompile Include="..\..\src\gba\agbprint.cpp" />
    <ClCompile Include="..\..\src\gba\bios.cpp" />
    <ClCompile Include="..\..\src\gba\EEprom.cpp" />
    <ClCompile Include="..\..\src\gba\elf.cpp" />
    <ClCompile Include="..\..\src\gba\Flash.cpp" />
    <ClCompile Include="..\..\src\gba\gba-arm.cpp" />
    <ClCompile Include="..\..\src\gba\gba-thumb.cpp" />
    <ClCompile Include="..\..\src\gba\gba.cpp" />
    <ClCompile Include="..\..\src\gba\gbafilter.cpp" />
    <ClCompile Include="..\..\src\gba\gbagfx.cpp" />
    <ClCompile Include="..\..\src\gba\Globals.cpp" />
    <ClCompile Include="..\..\src\gba\Mode0.cpp" />
    <ClCompile Include="..\..\src\gba\Mode1.cpp" />
    <ClCompile Include="..\..\src\gba\Mode2.cpp" />
    <ClCompile Include="..\..\src\gba\Mode3.cpp" />
    <ClCompile Include="..\..\src\gba\Mode4.cpp" />
    <ClCompile Include="..\..\src\gba\Mode5.cpp" />
    <ClCompile Include="..\..\src\gba\remote.cpp" />
    <ClCompile Include="..\..\src\gba\RTC.cpp" />
    <ClCompile Include="..\..\src\gba\Sound.cpp" />
    <ClCompile Include="..\..\src\gba\Sram.cpp" />
    <ClCompile Include="..\..\src\filters\2xSaI.cpp" />
    <ClCompile Include="..\..\src\filters\admame.cpp" />
    <ClCompile Include="..\..\src\filters\bilinear.cpp" />
    <ClCompile Include="..\..\src\filters\interframe.cpp" />
    <ClCompile Include="..\..\src\filters\pixel.cpp" />
    <ClCompile Include="..\..\src\win32\rpi.cpp" />
    <ClCompile Include="..\..\src\filters\scanline.cpp" />
    <ClCompile Include="..\..\src\filters\simpleFilter.cpp" />
    <ClCompile Include="..\..\src\filters\hq2x.cpp" />
    <ClCompile Include="..\..\src\filters\hq\asm\hq3x32.cpp" />
    <ClCompile Include="..\..\src\gba\armdis.cpp" />
    <ClCompile Include="..\..\src\gba\Cheats.cpp" />
    <ClCompile Include="..\..\src\gba\CheatSearch.cpp" />
    <ClCompile Include="..\..\src\common\memgzio.c" />
    <ClCompile Include="..\..\src\common\Patch.cpp" />
    <ClCompile Include="..\..\src\Util.cpp" />
    <ClCompile Include="..\..\src\win32\Direct3D.cpp" />
    <ClCompile Include="..\..\src\win32\DirectInput.cpp" />
    <ClCompile Include="..\..\src\win32\DirectSound.cpp" />
    <ClCompile Include="..\..\src\win32\glfont.c" />
    <ClCompile Include="..\..\src\win32\LoadOAL.cpp" />
    <ClCompile Include="..\..\src\win32\OpenAL.cpp" />
    <ClCompile Include="..\..\src\win32\OpenGL.cpp" />
    <ClCompile Include="..\..\src\win32\XAudio2.cpp" />
    <ClCompile Include="..\..\src\gba\gbalink.cpp" />
    <ClCompile Include="..\..\src\gba\GBASockClient.cpp" />
    <ClCompile Include="..\..\src\win32\JoybusOptions.cpp" />
    <ClCompile Include="..\..\src\win32\LinkOptions.cpp" />
    <ClCompile Include="..\..\src\win32\stdafx.cpp" />
    <ClCompile Include="..\..\src\win32\VBA.cpp" />
    <ClCompile Include="..\..\src\win32\AboutDialog.cpp" />
    <ClCompile Include="..\..\src\win32\AccelEditor.cpp" />
    <ClCompile Include="..\..\src\win32\AcceleratorManager.cpp" />
    <ClCompile Include="..\..\src\win32\Associate.cpp" />
    <ClCompile Include="..\..\src\win32\AudioCoreSettingsDlg.cpp" />
    <ClCompile Include="..\..\src\win32\AVIWrite.cpp" />
    <ClCompile Include="..\..\src\win32\BIOSDialog.cpp" />
    <ClCompile Include="..\..\src\win32\BitmapControl.cpp" />
    <ClCompile Include="..\..\src\win32\CmdAccelOb.cpp" />
    <ClCompile Include="..\..\src\win32\ColorButton.cpp" />
    <ClCompile Include="..\..\src\win32\ColorControl.cpp" />
    <ClCompile Include="..\..\src\win32\Commands.cpp" />
    <ClCompile Include="..\..\src\win32\Directories.cpp" />
    <ClCompile Include="..\..\src\win32\Disassemble.cpp" />
    <ClCompile Include="..\..\src\win32\ExportGSASnapshot.cpp" />
    <ClCompile Include="..\..\src\win32\FileDlg.cpp" />
    <ClCompile Include="..\..\src\win32\FullscreenSettings.cpp" />
    <ClCompile Include="..\..\src\win32\GameOverrides.cpp" />
    <ClCompile Include="..\..\src\win32\GBACheats.cpp" />
    <ClCompile Include="..\..\src\win32\GDBConnection.cpp" />
    <ClCompile Include="..\..\src\win32\GSACodeSelect.cpp" />
    <ClCompile Include="..\..\src\win32\Hyperlink.cpp" />
    <ClCompile Include="..\..\src\win32\IOViewer.cpp" />
    <ClCompile Include="..\..\src\win32\Joypad.cpp" />
    <ClCompile Include="..\..\src\win32\KeyboardEdit.cpp" />
    <ClCompile Include="..\..\src\win32\LangSelect.cpp" />
    <ClCompile Include="..\..\src\win32\Logging.cpp" />
    <ClCompile Include="..\..\src\win32\MainWnd.cpp" />
    <ClCompile Include="..\..\src\win32\MainWndCheats.cpp" />
    <ClCompile Include="..\..\src\win32\MainWndFile.cpp" />
    <ClCompile Include="..\..\src\win32\MainWndHelp.cpp" />
    <ClCompile Include="..\..\src\win32\MainWndOptions.cpp" />
    <ClCompile Include="..\..\src\win32\MainWndTools.cpp" />
    <ClCompile Include="..\..\src\win32\MapView.cpp" />
    <ClCompile Include="..\..\src\win32\MaxScale.cpp" />
    <ClCompile Include="..\..\src\win32\MemoryViewer.cpp" />
    <ClCompile Include="..\..\src\win32\MemoryViewerAddressSize.cpp" />
    <ClCompile Include="..\..\src\win32\MemoryViewerDlg.cpp" />
    <ClCompile Include="..\..\src\win32\OALConfig.cpp" />
    <ClCompile Include="..\..\src\win32\OamView.cpp" />
    <ClCompile Include="..\..\src\win32\PaletteView.cpp" />
    <ClCompile Include="..\..\src\win32\PaletteViewControl.cpp" />
    <ClCompile Include="..\..\src\win32\Reg.cpp" />
    <ClCompile Include="..\..\src\win32\ResizeDlg.cpp" />
    <ClCompile Include="..\..\src\win32\RewindInterval.cpp" />
    <ClCompile Include="..\..\src\win32\RomInfo.cpp" />
    <ClCompile Include="..\..\src\win32\SelectPlugin.cpp" />
    <ClCompile Include="..\..\src\win32\StringTokenizer.cpp" />
    <ClCompile Include="..\..\src\win32\Throttle.cpp" />
    <ClCompile Include="..\..\src\win32\TileView.cpp" />
    <ClCompile Include="..\..\src\win32\WavWriter.cpp" />
    <ClCompile Include="..\..\src\win32\WinResUtil.cpp" />
    <ClCompile Include="..\..\src\win32\XAudio2_Config.cpp" />
    <ClCompile Include="..\..\src\win32\ZoomControl.cpp" />
    <ClCompile Include="..\..\src\win32\GBCheatsDlg.cpp" />
    <ClCompile Include="..\..\src\win32\GBColorDlg.cpp" />
    <ClCompile Include="..\..\src\win32\GBDisassemble.cpp" />
    <ClCompile Include="..\..\src\win32\GBMapView.cpp" />
    <ClCompile Include="..\..\src\win32\GBMemoryViewerDlg.cpp" />
    <ClCompile Include="..\..\src\win32\GBOamView.cpp" />
    <ClCompile Include="..\..\src\win32\GBPaletteView.cpp" />
    <ClCompile Include="..\..\src\win32\GBPrinterDlg.cpp" />
    <ClCompile Include="..\..\src\win32\GBTileView.cpp" />
    <ClCompile Include="..\..\..\RA_Integration\RA_Interface.cpp">
      <Filter>RA_Interface</Filter>
    </ClCompile>
    <ClCompile Include="..\..\src\win32\RA_Implementation.cpp">
      <Filter>RA_Interface</Filter>
    </ClCompile>
  </ItemGroup>
  <ItemGroup>
    <ClInclude Include="..\..\src\win32\resource.h" />
    <ClInclude Include="..\..\src\gb\gb.h" />
    <ClInclude Include="..\..\src\gb\gbCheats.h" />
    <ClInclude Include="..\..\src\gb\gbCodes.h" />
    <ClInclude Include="..\..\src\gb\gbCodesCB.h" />
    <ClInclude Include="..\..\src\gb\gbGlobals.h" />
    <ClInclude Include="..\..\src\gb\gbMemory.h" />
    <ClInclude Include="..\..\src\gb\gbPrinter.h" />
    <ClInclude Include="..\..\src\gb\gbSGB.h" />
    <ClInclude Include="..\..\src\gb\gbSound.h" />
    <ClInclude Include="..\..\src\apu\blargg_common.h" />
    <ClInclude Include="..\..\src\apu\blargg_config.h" />
    <ClInclude Include="..\..\src\apu\blargg_source.h" />
    <ClInclude Include="..\..\src\apu\Blip_Buffer.h" />
    <ClInclude Include="..\..\src\apu\Effects_Buffer.h" />
    <ClInclude Include="..\..\src\apu\Gb_Apu.h" />
    <ClInclude Include="..\..\src\apu\Gb_Oscs.h" />
    <ClInclude Include="..\..\src\apu\Multi_Buffer.h" />
    <ClInclude Include="..\..\src\gba\agbprint.h" />
    <ClInclude Include="..\..\src\gba\bios.h" />
    <ClInclude Include="..\..\src\gba\EEprom.h" />
    <ClInclude Include="..\..\src\gba\elf.h" />
    <ClInclude Include="..\..\src\gba\Flash.h" />
    <ClInclude Include="..\..\src\gba\gba.h" />
    <ClInclude Include="..\..\src\gba\GBAcpu.h" />
    <ClInclude Include="..\..\src\gba\gbagfx.h" />
    <ClInclude Include="..\..\src\gba\gbainline.h" />
    <ClInclude Include="..\..\src\gba\Globals.h" />
    <ClInclude Include="..\..\src\gba\RTC.h" />
    <ClInclude Include="..\..\src\gba\Sound.h" />
    <ClInclude Include="..\..\src\gba\Sram.h" />
    <ClInclude Include="..\..\src\System.h" />
    <ClInclude Include="..\..\src\win32\rpi.h" />
    <ClInclude Include="..\..\src\filters\hq2x.h" />
    <ClInclude Include="..\..\src\filters\interp.h" />
    <ClInclude Include="..\..\src\filters\lq2x.h" />
    <ClInclude Include="..\..\src\gba\armdis.h" />
    <ClInclude Include="..\..\src\gba\Cheats.h" />
    <ClInclude Include="..\..\src\gba\CheatSearch.h" />
    <ClInclude Include="..\..\src\common\memgzio.h" />
    <ClInclude Include="..\..\src\NLS.h" />
    <ClInclude Include="..\..\src\common\Patch.h" />
    <ClInclude Include="..\..\src\common\Port.h" />
    <ClInclude Include="..\..\src\Util.h" />
    <ClInclude Include="..\..\src\version.h" />
    <ClInclude Include="..\..\src\win32\Display.h" />
    <ClInclude Include="..\..\src\win32\glfont.h" />
    <ClInclude Include="..\..\src\win32\gzglfont.h" />
    <ClInclude Include="..\..\src\win32\Input.h" />
    <ClInclude Include="..\..\src\common\SoundDriver.h" />
    <ClInclude Include="..\..\src\gba\gbalink.h" />
    <ClInclude Include="..\..\src\gba\GBASockClient.h" />
    <ClInclude Include="..\..\src\win32\JoybusOptions.h" />
    <ClInclude Include="..\..\src\win32\LinkOptions.h" />
    <ClInclude Include="..\..\src\win32\stdafx.h" />
    <ClInclude Include="..\..\src\win32\targetver.h" />
    <ClInclude Include="..\..\src\win32\VBA.h" />
    <ClInclude Include="..\..\src\win32\AboutDialog.h" />
    <ClInclude Include="..\..\src\win32\AccelEditor.h" />
    <ClInclude Include="..\..\src\win32\AcceleratorManager.h" />
    <ClInclude Include="..\..\src\win32\Associate.h" />
    <ClInclude Include="..\..\src\win32\AudioCoreSettingsDlg.h" />
    <ClInclude Include="..\..\src\win32\AVIWrite.h" />
    <ClInclude Include="..\..\src\win32\BIOSDialog.h" />
    <ClInclude Include="..\..\src\win32\BitmapControl.h" />
    <ClInclude Include="..\..\src\win32\CmdAccelOb.h" />
    <ClInclude Include="..\..\src\win32\ColorButton.h" />
    <ClInclude Include="..\..\src\win32\ColorControl.h" />
    <ClInclude Include="..\..\src\win32\Directories.h" />
    <ClInclude Include="..\..\src\win32\Disassemble.h" />
    <ClInclude Include="..\..\src\win32\ExportGSASnapshot.h" />
    <ClInclude Include="..\..\src\win32\FileDlg.h" />
    <ClInclude Include="..\..\src\win32\FullscreenSettings.h" />
    <ClInclude Include="..\..\src\win32\GBACheats.h" />
    <ClInclude Include="..\..\src\win32\GDBConnection.h" />
    <ClInclude Include="..\..\src\win32\GSACodeSelect.h" />
    <ClInclude Include="..\..\src\win32\Hyperlink.h" />
    <ClInclude Include="..\..\src\win32\IOViewer.h" />
    <ClInclude Include="..\..\src\win32\IOViewerRegs.h" />
    <ClInclude Include="..\..\src\win32\IUpdate.h" />
    <ClInclude Include="..\..\src\win32\Joypad.h" />
    <ClInclude Include="..\..\src\win32\KeyboardEdit.h" />
    <ClInclude Include="..\..\src\win32\LangSelect.h" />
    <ClInclude Include="..\..\src\win32\Logging.h" />
    <ClInclude Include="..\..\src\win32\MainWnd.h" />
    <ClInclude Include="..\..\src\win32\MapView.h" />
    <ClInclude Include="..\..\src\win32\MaxScale.h" />
    <ClInclude Include="..\..\src\win32\MemoryViewer.h" />
    <ClInclude Include="..\..\src\win32\MemoryViewerAddressSize.h" />
    <ClInclude Include="..\..\src\win32\MemoryViewerDlg.h" />
    <ClInclude Include="..\..\src\win32\OALConfig.h" />
    <ClInclude Include="..\..\src\win32\OamView.h" />
    <ClInclude Include="..\..\src\win32\PaletteView.h" />
    <ClInclude Include="..\..\src\win32\PaletteViewControl.h" />
    <ClInclude Include="..\..\src\win32\Reg.h" />
    <ClInclude Include="..\..\src\win32\ResizeDlg.h" />
    <ClInclude Include="..\..\src\win32\RewindInterval.h" />
    <ClInclude Include="..\..\src\win32\RomInfo.h" />
    <ClInclude Include="..\..\src\win32\SelectPlugin.h" />
    <ClInclude Include="..\..\src\win32\StringTokenizer.h" />
    <ClInclude Include="..\..\src\win32\Throttle.h" />
    <ClInclude Include="..\..\src\win32\TileView.h" />
    <ClInclude Include="..\..\src\win32\WavWriter.h" />
    <ClInclude Include="..\..\src\win32\WinHelper.h" />
    <ClInclude Include="..\..\src\win32\WinResUtil.h" />
    <ClInclude Include="..\..\src\win32\XAudio2_Config.h" />
    <ClInclude Include="..\..\src\win32\ZoomControl.h" />
    <ClInclude Include="..\..\src\win32\GBCheatsDlg.h" />
    <ClInclude Include="..\..\src\win32\GBColorDlg.h" />
    <ClInclude Include="..\..\src\win32\GBDisassemble.h" />
    <ClInclude Include="..\..\src\win32\GBMapView.h" />
    <ClInclude Include="..\..\src\win32\GBMemoryViewerDlg.h" />
    <ClInclude Include="..\..\src\win32\GBOamView.h" />
    <ClInclude Include="..\..\src\win32\GBPaletteView.h" />
    <ClInclude Include="..\..\src\win32\GBPrinterDlg.h" />
    <ClInclude Include="..\..\src\win32\GBTileView.h" />
    <ClInclude Include="..\..\..\RA_Integration\RA_Interface.h">
      <Filter>RA_Interface</Filter>
    </ClInclude>
    <ClInclude Include="..\..\src\win32\RA_Implementation.h">
      <Filter>RA_Interface</Filter>
    </ClInclude>
  </ItemGroup>
  <ItemGroup>
    <ResourceCompile Include="..\..\src\win32\VBA.rc" />
  </ItemGroup>
  <ItemGroup>
    <None Include="..\..\src\win32\res\VBA.ico" />
    <None Include="..\..\src\win32\res\VBA.rc2" />
    <None Include="..\..\doc\DevInfo.txt" />
    <None Include="..\..\doc\License.txt" />
    <None Include="..\..\doc\ReadMe.MFC.txt" />
    <None Include="..\..\src\filters\hq\asm\macros.mac" />
  </ItemGroup>
  <ItemGroup>
    <NASM Include="..\..\src\filters\2xSaImmx.asm" />
    <NASM Include="..\..\src\filters\hq\asm\hq3x_16.asm" />
    <NASM Include="..\..\src\filters\hq\asm\hq3x_32.asm" />
    <NASM Include="..\..\src\filters\hq\asm\hq4x_16.asm" />
    <NASM Include="..\..\src\filters\hq\asm\hq4x_32.asm" />
  </ItemGroup>
  <ItemGroup>
    <Filter Include="RA_Interface">
      <UniqueIdentifier>{64714078-9330-4773-a72e-32172122c34c}</UniqueIdentifier>
    </Filter>
  </ItemGroup>
</Project>