<?xml version="1.0" encoding="utf-8"?>
<Project ToolsVersion="4.0" xmlns="http://schemas.microsoft.com/developer/msbuild/2003">
  <ItemGroup>
    <ClCompile Include="..\..\src\Util.cpp" />
    <ClCompile Include="..\..\..\RA_Integration\RA_Interface.cpp">
      <Filter>RA_Interface</Filter>
    </ClCompile>
    <ClCompile Include="..\..\src\win32\RA_Implementation.cpp">
      <Filter>RA_Interface</Filter>
    </ClCompile>
    <ClCompile Include="..\..\src\gb\gb.cpp">
      <Filter>gb</Filter>
    </ClCompile>
    <ClCompile Include="..\..\src\gb\gbDis.cpp">
      <Filter>gb</Filter>
    </ClCompile>
    <ClCompile Include="..\..\src\gb\gbGfx.cpp">
      <Filter>gb</Filter>
    </ClCompile>
    <ClCompile Include="..\..\src\gb\gbGlobals.cpp">
      <Filter>gb</Filter>
    </ClCompile>
    <ClCompile Include="..\..\src\gb\gbMemory.cpp">
      <Filter>gb</Filter>
    </ClCompile>
    <ClCompile Include="..\..\src\gb\gbPrinter.cpp">
      <Filter>gb</Filter>
    </ClCompile>
    <ClCompile Include="..\..\src\gb\gbSGB.cpp">
      <Filter>gb</Filter>
    </ClCompile>
    <ClCompile Include="..\..\src\gb\gbSound.cpp">
      <Filter>gb</Filter>
    </ClCompile>
    <ClCompile Include="..\..\src\gb\gbCheats.cpp">
      <Filter>gb</Filter>
    </ClCompile>
    <ClCompile Include="..\..\src\gba\gba.cpp">
      <Filter>gba</Filter>
    </ClCompile>
    <ClCompile Include="..\..\src\gba\gba-arm.cpp">
      <Filter>gba</Filter>
    </ClCompile>
    <ClCompile Include="..\..\src\gba\gbafilter.cpp">
      <Filter>gba</Filter>
    </ClCompile>
    <ClCompile Include="..\..\src\gba\gbagfx.cpp">
      <Filter>gba</Filter>
    </ClCompile>
    <ClCompile Include="..\..\src\gba\gbalink.cpp">
      <Filter>gba</Filter>
    </ClCompile>
    <ClCompile Include="..\..\src\gba\gba-thumb.cpp">
      <Filter>gba</Filter>
    </ClCompile>
    <ClCompile Include="..\..\src\gba\agbprint.cpp">
      <Filter>gba</Filter>
    </ClCompile>
    <ClCompile Include="..\..\src\gba\armdis.cpp">
      <Filter>gba</Filter>
    </ClCompile>
    <ClCompile Include="..\..\src\gba\bios.cpp">
      <Filter>gba</Filter>
    </ClCompile>
    <ClCompile Include="..\..\src\gba\Cheats.cpp">
      <Filter>gba</Filter>
    </ClCompile>
    <ClCompile Include="..\..\src\gba\EEprom.cpp">
      <Filter>gba</Filter>
    </ClCompile>
    <ClCompile Include="..\..\src\gba\elf.cpp">
      <Filter>gba</Filter>
    </ClCompile>
    <ClCompile Include="..\..\src\gba\Flash.cpp">
      <Filter>gba</Filter>
    </ClCompile>
    <ClCompile Include="..\..\src\gba\GBASockClient.cpp">
      <Filter>gba</Filter>
    </ClCompile>
    <ClCompile Include="..\..\src\gba\Globals.cpp">
      <Filter>gba</Filter>
    </ClCompile>
    <ClCompile Include="..\..\src\gba\Mode0.cpp">
      <Filter>gba</Filter>
    </ClCompile>
    <ClCompile Include="..\..\src\gba\Mode1.cpp">
      <Filter>gba</Filter>
    </ClCompile>
    <ClCompile Include="..\..\src\gba\Mode2.cpp">
      <Filter>gba</Filter>
    </ClCompile>
    <ClCompile Include="..\..\src\gba\Mode3.cpp">
      <Filter>gba</Filter>
    </ClCompile>
    <ClCompile Include="..\..\src\gba\Mode4.cpp">
      <Filter>gba</Filter>
    </ClCompile>
    <ClCompile Include="..\..\src\gba\Mode5.cpp">
      <Filter>gba</Filter>
    </ClCompile>
    <ClCompile Include="..\..\src\gba\remote.cpp">
      <Filter>gba</Filter>
    </ClCompile>
    <ClCompile Include="..\..\src\gba\RTC.cpp">
      <Filter>gba</Filter>
    </ClCompile>
    <ClCompile Include="..\..\src\gba\Sound.cpp">
      <Filter>gba</Filter>
    </ClCompile>
    <ClCompile Include="..\..\src\gba\Sram.cpp">
      <Filter>gba</Filter>
    </ClCompile>
    <ClCompile Include="..\..\src\gba\CheatSearch.cpp">
      <Filter>gba</Filter>
    </ClCompile>
    <ClCompile Include="..\..\src\filters\2xSaI.cpp">
      <Filter>filters</Filter>
    </ClCompile>
    <ClCompile Include="..\..\src\filters\admame.cpp">
      <Filter>filters</Filter>
    </ClCompile>
    <ClCompile Include="..\..\src\filters\bilinear.cpp">
      <Filter>filters</Filter>
    </ClCompile>
    <ClCompile Include="..\..\src\filters\hq2x.cpp">
      <Filter>filters</Filter>
    </ClCompile>
    <ClCompile Include="..\..\src\filters\interframe.cpp">
      <Filter>filters</Filter>
    </ClCompile>
    <ClCompile Include="..\..\src\filters\pixel.cpp">
      <Filter>filters</Filter>
    </ClCompile>
    <ClCompile Include="..\..\src\filters\scanline.cpp">
      <Filter>filters</Filter>
    </ClCompile>
    <ClCompile Include="..\..\src\filters\simpleFilter.cpp">
      <Filter>filters</Filter>
    </ClCompile>
    <ClCompile Include="..\..\src\filters\hq\asm\hq3x32.cpp">
      <Filter>filters\hq</Filter>
    </ClCompile>
    <ClCompile Include="..\..\src\filters\hq\c\hq_implementation.cpp">
      <Filter>filters\hq</Filter>
    </ClCompile>
    <ClCompile Include="..\..\src\common\Patch.cpp">
      <Filter>common</Filter>
    </ClCompile>
    <ClCompile Include="..\..\src\common\memgzio.c">
      <Filter>common</Filter>
    </ClCompile>
    <ClCompile Include="..\..\src\common\SoundSDL.cpp">
      <Filter>common</Filter>
    </ClCompile>
    <ClCompile Include="..\..\src\apu\Blip_Buffer.cpp">
      <Filter>apu</Filter>
    </ClCompile>
    <ClCompile Include="..\..\src\apu\Effects_Buffer.cpp">
      <Filter>apu</Filter>
    </ClCompile>
    <ClCompile Include="..\..\src\apu\Gb_Apu.cpp">
      <Filter>apu</Filter>
    </ClCompile>
    <ClCompile Include="..\..\src\apu\Gb_Apu_State.cpp">
      <Filter>apu</Filter>
    </ClCompile>
    <ClCompile Include="..\..\src\apu\Gb_Oscs.cpp">
      <Filter>apu</Filter>
    </ClCompile>
    <ClCompile Include="..\..\src\apu\Multi_Buffer.cpp">
      <Filter>apu</Filter>
    </ClCompile>
    <ClCompile Include="..\..\src\win32\AboutDialog.cpp">
      <Filter>win32</Filter>
    </ClCompile>
    <ClCompile Include="..\..\src\win32\AccelEditor.cpp">
      <Filter>win32</Filter>
    </ClCompile>
    <ClCompile Include="..\..\src\win32\AcceleratorManager.cpp">
      <Filter>win32</Filter>
    </ClCompile>
    <ClCompile Include="..\..\src\win32\Associate.cpp">
      <Filter>win32</Filter>
    </ClCompile>
    <ClCompile Include="..\..\src\win32\AudioCoreSettingsDlg.cpp">
      <Filter>win32</Filter>
    </ClCompile>
    <ClCompile Include="..\..\src\win32\AVIWrite.cpp">
      <Filter>win32</Filter>
    </ClCompile>
    <ClCompile Include="..\..\src\win32\BIOSDialog.cpp">
      <Filter>win32</Filter>
    </ClCompile>
    <ClCompile Include="..\..\src\win32\BitmapControl.cpp">
      <Filter>win32</Filter>
    </ClCompile>
    <ClCompile Include="..\..\src\win32\CmdAccelOb.cpp">
      <Filter>win32</Filter>
    </ClCompile>
    <ClCompile Include="..\..\src\win32\ColorButton.cpp">
      <Filter>win32</Filter>
    </ClCompile>
    <ClCompile Include="..\..\src\win32\ColorControl.cpp">
      <Filter>win32</Filter>
    </ClCompile>
    <ClCompile Include="..\..\src\win32\Commands.cpp">
      <Filter>win32</Filter>
    </ClCompile>
    <ClCompile Include="..\..\src\win32\Direct3D.cpp">
      <Filter>win32</Filter>
    </ClCompile>
    <ClCompile Include="..\..\src\win32\DirectInput.cpp">
      <Filter>win32</Filter>
    </ClCompile>
    <ClCompile Include="..\..\src\win32\Directories.cpp">
      <Filter>win32</Filter>
    </ClCompile>
    <ClCompile Include="..\..\src\win32\DirectSound.cpp">
      <Filter>win32</Filter>
    </ClCompile>
    <ClCompile Include="..\..\src\win32\Disassemble.cpp">
      <Filter>win32</Filter>
    </ClCompile>
    <ClCompile Include="..\..\src\win32\ExportGSASnapshot.cpp">
      <Filter>win32</Filter>
    </ClCompile>
    <ClCompile Include="..\..\src\win32\FileDlg.cpp">
      <Filter>win32</Filter>
    </ClCompile>
    <ClCompile Include="..\..\src\win32\FullscreenSettings.cpp">
      <Filter>win32</Filter>
    </ClCompile>
    <ClCompile Include="..\..\src\win32\GameOverrides.cpp">
      <Filter>win32</Filter>
    </ClCompile>
    <ClCompile Include="..\..\src\win32\GBACheats.cpp">
      <Filter>win32</Filter>
    </ClCompile>
    <ClCompile Include="..\..\src\win32\GBCheatsDlg.cpp">
      <Filter>win32</Filter>
    </ClCompile>
    <ClCompile Include="..\..\src\win32\GBColorDlg.cpp">
      <Filter>win32</Filter>
    </ClCompile>
    <ClCompile Include="..\..\src\win32\GBDisassemble.cpp">
      <Filter>win32</Filter>
    </ClCompile>
    <ClCompile Include="..\..\src\win32\GBMapView.cpp">
      <Filter>win32</Filter>
    </ClCompile>
    <ClCompile Include="..\..\src\win32\GBMemoryViewerDlg.cpp">
      <Filter>win32</Filter>
    </ClCompile>
    <ClCompile Include="..\..\src\win32\GBOamView.cpp">
      <Filter>win32</Filter>
    </ClCompile>
    <ClCompile Include="..\..\src\win32\GBPaletteView.cpp">
      <Filter>win32</Filter>
    </ClCompile>
    <ClCompile Include="..\..\src\win32\GBPrinterDlg.cpp">
      <Filter>win32</Filter>
    </ClCompile>
    <ClCompile Include="..\..\src\win32\GBTileView.cpp">
      <Filter>win32</Filter>
    </ClCompile>
    <ClCompile Include="..\..\src\win32\GDBConnection.cpp">
      <Filter>win32</Filter>
    </ClCompile>
    <ClCompile Include="..\..\src\win32\glfont.c">
      <Filter>win32</Filter>
    </ClCompile>
    <ClCompile Include="..\..\src\win32\GSACodeSelect.cpp">
      <Filter>win32</Filter>
    </ClCompile>
    <ClCompile Include="..\..\src\win32\Hyperlink.cpp">
      <Filter>win32</Filter>
    </ClCompile>
    <ClCompile Include="..\..\src\win32\IOViewer.cpp">
      <Filter>win32</Filter>
    </ClCompile>
    <ClCompile Include="..\..\src\win32\JoybusOptions.cpp">
      <Filter>win32</Filter>
    </ClCompile>
    <ClCompile Include="..\..\src\win32\Joypad.cpp">
      <Filter>win32</Filter>
    </ClCompile>
    <ClCompile Include="..\..\src\win32\KeyboardEdit.cpp">
      <Filter>win32</Filter>
    </ClCompile>
    <ClCompile Include="..\..\src\win32\LangSelect.cpp">
      <Filter>win32</Filter>
    </ClCompile>
    <ClCompile Include="..\..\src\win32\LinkOptions.cpp">
      <Filter>win32</Filter>
    </ClCompile>
    <ClCompile Include="..\..\src\win32\LoadOAL.cpp">
      <Filter>win32</Filter>
    </ClCompile>
    <ClCompile Include="..\..\src\win32\Logging.cpp">
      <Filter>win32</Filter>
    </ClCompile>
    <ClCompile Include="..\..\src\win32\MainWnd.cpp">
      <Filter>win32</Filter>
    </ClCompile>
    <ClCompile Include="..\..\src\win32\MainWndCheats.cpp">
      <Filter>win32</Filter>
    </ClCompile>
    <ClCompile Include="..\..\src\win32\MainWndFile.cpp">
      <Filter>win32</Filter>
    </ClCompile>
    <ClCompile Include="..\..\src\win32\MainWndHelp.cpp">
      <Filter>win32</Filter>
    </ClCompile>
    <ClCompile Include="..\..\src\win32\MainWndOptions.cpp">
      <Filter>win32</Filter>
    </ClCompile>
    <ClCompile Include="..\..\src\win32\MainWndTools.cpp">
      <Filter>win32</Filter>
    </ClCompile>
    <ClCompile Include="..\..\src\win32\MapView.cpp">
      <Filter>win32</Filter>
    </ClCompile>
    <ClCompile Include="..\..\src\win32\MaxScale.cpp">
      <Filter>win32</Filter>
    </ClCompile>
    <ClCompile Include="..\..\src\win32\MemoryViewer.cpp">
      <Filter>win32</Filter>
    </ClCompile>
    <ClCompile Include="..\..\src\win32\MemoryViewerAddressSize.cpp">
      <Filter>win32</Filter>
    </ClCompile>
    <ClCompile Include="..\..\src\win32\MemoryViewerDlg.cpp">
      <Filter>win32</Filter>
    </ClCompile>
    <ClCompile Include="..\..\src\win32\OALConfig.cpp">
      <Filter>win32</Filter>
    </ClCompile>
    <ClCompile Include="..\..\src\win32\OamView.cpp">
      <Filter>win32</Filter>
    </ClCompile>
    <ClCompile Include="..\..\src\win32\OpenAL.cpp">
      <Filter>win32</Filter>
    </ClCompile>
    <ClCompile Include="..\..\src\win32\OpenGL.cpp">
      <Filter>win32</Filter>
    </ClCompile>
    <ClCompile Include="..\..\src\win32\PaletteView.cpp">
      <Filter>win32</Filter>
    </ClCompile>
    <ClCompile Include="..\..\src\win32\PaletteViewControl.cpp">
      <Filter>win32</Filter>
    </ClCompile>
    <ClCompile Include="..\..\src\win32\Reg.cpp">
      <Filter>win32</Filter>
    </ClCompile>
    <ClCompile Include="..\..\src\win32\ResizeDlg.cpp">
      <Filter>win32</Filter>
    </ClCompile>
    <ClCompile Include="..\..\src\win32\RewindInterval.cpp">
      <Filter>win32</Filter>
    </ClCompile>
    <ClCompile Include="..\..\src\win32\RomInfo.cpp">
      <Filter>win32</Filter>
    </ClCompile>
    <ClCompile Include="..\..\src\win32\rpi.cpp">
      <Filter>win32</Filter>
    </ClCompile>
    <ClCompile Include="..\..\src\win32\SelectPlugin.cpp">
      <Filter>win32</Filter>
    </ClCompile>
    <ClCompile Include="..\..\src\win32\stdafx.cpp">
      <Filter>win32</Filter>
    </ClCompile>
    <ClCompile Include="..\..\src\win32\StringTokenizer.cpp">
      <Filter>win32</Filter>
    </ClCompile>
    <ClCompile Include="..\..\src\win32\Throttle.cpp">
      <Filter>win32</Filter>
    </ClCompile>
    <ClCompile Include="..\..\src\win32\TileView.cpp">
      <Filter>win32</Filter>
    </ClCompile>
    <ClCompile Include="..\..\src\win32\VBA.cpp">
      <Filter>win32</Filter>
    </ClCompile>
    <ClCompile Include="..\..\src\win32\WavWriter.cpp">
      <Filter>win32</Filter>
    </ClCompile>
    <ClCompile Include="..\..\src\win32\WinResUtil.cpp">
      <Filter>win32</Filter>
    </ClCompile>
    <ClCompile Include="..\..\src\win32\XAudio2.cpp">
      <Filter>win32</Filter>
    </ClCompile>
    <ClCompile Include="..\..\src\win32\XAudio2_Config.cpp">
      <Filter>win32</Filter>
    </ClCompile>
    <ClCompile Include="..\..\src\win32\ZoomControl.cpp">
      <Filter>win32</Filter>
    </ClCompile>
    <ClCompile Include="..\..\src\common\ffmpeg.cpp">
      <Filter>common</Filter>
    </ClCompile>
    <ClCompile Include="..\..\src\win32\BugReport.cpp">
      <Filter>win32</Filter>
    </ClCompile>
  </ItemGroup>
  <ItemGroup>
    <ClInclude Include="..\..\src\System.h" />
    <ClInclude Include="..\..\src\NLS.h" />
    <ClInclude Include="..\..\src\Util.h" />
    <ClInclude Include="..\..\src\version.h" />
    <ClInclude Include="..\..\..\RA_Integration\RA_Interface.h">
      <Filter>RA_Interface</Filter>
    </ClInclude>
    <ClInclude Include="..\..\src\win32\RA_Implementation.h">
      <Filter>RA_Interface</Filter>
    </ClInclude>
    <ClInclude Include="..\..\src\gb\gb.h">
      <Filter>gb</Filter>
    </ClInclude>
    <ClInclude Include="..\..\src\gb\gbCodes.h">
      <Filter>gb</Filter>
    </ClInclude>
    <ClInclude Include="..\..\src\gb\gbCodesCB.h">
      <Filter>gb</Filter>
    </ClInclude>
    <ClInclude Include="..\..\src\gb\gbGlobals.h">
      <Filter>gb</Filter>
    </ClInclude>
    <ClInclude Include="..\..\src\gb\gbMemory.h">
      <Filter>gb</Filter>
    </ClInclude>
    <ClInclude Include="..\..\src\gb\gbPrinter.h">
      <Filter>gb</Filter>
    </ClInclude>
    <ClInclude Include="..\..\src\gb\gbSGB.h">
      <Filter>gb</Filter>
    </ClInclude>
    <ClInclude Include="..\..\src\gb\gbSound.h">
      <Filter>gb</Filter>
    </ClInclude>
    <ClInclude Include="..\..\src\gb\gbCheats.h">
      <Filter>gb</Filter>
    </ClInclude>
    <ClInclude Include="..\..\src\gba\gba.h">
      <Filter>gba</Filter>
    </ClInclude>
    <ClInclude Include="..\..\src\gba\gbagfx.h">
      <Filter>gba</Filter>
    </ClInclude>
    <ClInclude Include="..\..\src\gba\gbainline.h">
      <Filter>gba</Filter>
    </ClInclude>
    <ClInclude Include="..\..\src\gba\gbalink.h">
      <Filter>gba</Filter>
    </ClInclude>
    <ClInclude Include="..\..\src\gba\agbprint.h">
      <Filter>gba</Filter>
    </ClInclude>
    <ClInclude Include="..\..\src\gba\armdis.h">
      <Filter>gba</Filter>
    </ClInclude>
    <ClInclude Include="..\..\src\gba\bios.h">
      <Filter>gba</Filter>
    </ClInclude>
    <ClInclude Include="..\..\src\gba\Cheats.h">
      <Filter>gba</Filter>
    </ClInclude>
    <ClInclude Include="..\..\src\gba\EEprom.h">
      <Filter>gba</Filter>
    </ClInclude>
    <ClInclude Include="..\..\src\gba\elf.h">
      <Filter>gba</Filter>
    </ClInclude>
    <ClInclude Include="..\..\src\gba\Flash.h">
      <Filter>gba</Filter>
    </ClInclude>
    <ClInclude Include="..\..\src\gba\GBASockClient.h">
      <Filter>gba</Filter>
    </ClInclude>
    <ClInclude Include="..\..\src\gba\Globals.h">
      <Filter>gba</Filter>
    </ClInclude>
    <ClInclude Include="..\..\src\gba\RTC.h">
      <Filter>gba</Filter>
    </ClInclude>
    <ClInclude Include="..\..\src\gba\Sound.h">
      <Filter>gba</Filter>
    </ClInclude>
    <ClInclude Include="..\..\src\gba\Sram.h">
      <Filter>gba</Filter>
    </ClInclude>
    <ClInclude Include="..\..\src\gba\CheatSearch.h">
      <Filter>gba</Filter>
    </ClInclude>
    <ClInclude Include="..\..\src\gba\gbafilter.h">
      <Filter>gba</Filter>
    </ClInclude>
    <ClInclude Include="..\..\src\gba\GBAcpu.h">
      <Filter>gba</Filter>
    </ClInclude>
    <ClInclude Include="..\..\src\filters\hq2x.h">
      <Filter>filters</Filter>
    </ClInclude>
    <ClInclude Include="..\..\src\filters\interp.h">
      <Filter>filters</Filter>
    </ClInclude>
    <ClInclude Include="..\..\src\filters\lq2x.h">
      <Filter>filters</Filter>
    </ClInclude>
    <ClInclude Include="..\..\src\filters\hq\c\hq_base.h">
      <Filter>filters\hq</Filter>
    </ClInclude>
    <ClInclude Include="..\..\src\filters\hq\c\hq_shared.h">
      <Filter>filters\hq</Filter>
    </ClInclude>
    <ClInclude Include="..\..\src\filters\hq\c\hq3x_pattern.h">
      <Filter>filters\hq</Filter>
    </ClInclude>
    <ClInclude Include="..\..\src\filters\hq\c\hq4x_pattern.h">
      <Filter>filters\hq</Filter>
    </ClInclude>
    <ClInclude Include="..\..\src\common\Types.h">
      <Filter>common</Filter>
    </ClInclude>
    <ClInclude Include="..\..\src\common\SoundDriver.h">
      <Filter>common</Filter>
    </ClInclude>
    <ClInclude Include="..\..\src\common\Port.h">
      <Filter>common</Filter>
    </ClInclude>
    <ClInclude Include="..\..\src\common\Patch.h">
      <Filter>common</Filter>
    </ClInclude>
    <ClInclude Include="..\..\src\common\memgzio.h">
      <Filter>common</Filter>
    </ClInclude>
    <ClInclude Include="..\..\src\common\SoundSDL.h">
      <Filter>common</Filter>
    </ClInclude>
    <ClInclude Include="..\..\src\common\RingBuffer.h">
      <Filter>common</Filter>
    </ClInclude>
    <ClInclude Include="..\..\src\apu\blargg_common.h">
      <Filter>apu</Filter>
    </ClInclude>
    <ClInclude Include="..\..\src\apu\blargg_source.h">
      <Filter>apu</Filter>
    </ClInclude>
    <ClInclude Include="..\..\src\apu\blargg_config.h">
      <Filter>apu</Filter>
    </ClInclude>
    <ClInclude Include="..\..\src\apu\Blip_Buffer.h">
      <Filter>apu</Filter>
    </ClInclude>
    <ClInclude Include="..\..\src\apu\Effects_Buffer.h">
      <Filter>apu</Filter>
    </ClInclude>
    <ClInclude Include="..\..\src\apu\Gb_Apu.h">
      <Filter>apu</Filter>
    </ClInclude>
    <ClInclude Include="..\..\src\apu\Gb_Oscs.h">
      <Filter>apu</Filter>
    </ClInclude>
    <ClInclude Include="..\..\src\apu\Multi_Buffer.h">
      <Filter>apu</Filter>
    </ClInclude>
    <ClInclude Include="..\..\src\win32\AboutDialog.h">
      <Filter>win32</Filter>
    </ClInclude>
    <ClInclude Include="..\..\src\win32\AccelEditor.h">
      <Filter>win32</Filter>
    </ClInclude>
    <ClInclude Include="..\..\src\win32\AcceleratorManager.h">
      <Filter>win32</Filter>
    </ClInclude>
    <ClInclude Include="..\..\src\win32\Associate.h">
      <Filter>win32</Filter>
    </ClInclude>
    <ClInclude Include="..\..\src\win32\AudioCoreSettingsDlg.h">
      <Filter>win32</Filter>
    </ClInclude>
    <ClInclude Include="..\..\src\win32\AVIWrite.h">
      <Filter>win32</Filter>
    </ClInclude>
    <ClInclude Include="..\..\src\win32\BIOSDialog.h">
      <Filter>win32</Filter>
    </ClInclude>
    <ClInclude Include="..\..\src\win32\BitmapControl.h">
      <Filter>win32</Filter>
    </ClInclude>
    <ClInclude Include="..\..\src\win32\CmdAccelOb.h">
      <Filter>win32</Filter>
    </ClInclude>
    <ClInclude Include="..\..\src\win32\ColorButton.h">
      <Filter>win32</Filter>
    </ClInclude>
    <ClInclude Include="..\..\src\win32\ColorControl.h">
      <Filter>win32</Filter>
    </ClInclude>
    <ClInclude Include="..\..\src\win32\Directories.h">
      <Filter>win32</Filter>
    </ClInclude>
    <ClInclude Include="..\..\src\win32\Disassemble.h">
      <Filter>win32</Filter>
    </ClInclude>
    <ClInclude Include="..\..\src\win32\Display.h">
      <Filter>win32</Filter>
    </ClInclude>
    <ClInclude Include="..\..\src\win32\ExportGSASnapshot.h">
      <Filter>win32</Filter>
    </ClInclude>
    <ClInclude Include="..\..\src\win32\FileDlg.h">
      <Filter>win32</Filter>
    </ClInclude>
    <ClInclude Include="..\..\src\win32\FullscreenSettings.h">
      <Filter>win32</Filter>
    </ClInclude>
    <ClInclude Include="..\..\src\win32\GameOverrides.h">
      <Filter>win32</Filter>
    </ClInclude>
    <ClInclude Include="..\..\src\win32\GBACheats.h">
      <Filter>win32</Filter>
    </ClInclude>
    <ClInclude Include="..\..\src\win32\GBCheatsDlg.h">
      <Filter>win32</Filter>
    </ClInclude>
    <ClInclude Include="..\..\src\win32\GBColorDlg.h">
      <Filter>win32</Filter>
    </ClInclude>
    <ClInclude Include="..\..\src\win32\GBDisassemble.h">
      <Filter>win32</Filter>
    </ClInclude>
    <ClInclude Include="..\..\src\win32\GBMapView.h">
      <Filter>win32</Filter>
    </ClInclude>
    <ClInclude Include="..\..\src\win32\GBMemoryViewerDlg.h">
      <Filter>win32</Filter>
    </ClInclude>
    <ClInclude Include="..\..\src\win32\GBOamView.h">
      <Filter>win32</Filter>
    </ClInclude>
    <ClInclude Include="..\..\src\win32\GBPaletteView.h">
      <Filter>win32</Filter>
    </ClInclude>
    <ClInclude Include="..\..\src\win32\GBPrinterDlg.h">
      <Filter>win32</Filter>
    </ClInclude>
    <ClInclude Include="..\..\src\win32\GBTileView.h">
      <Filter>win32</Filter>
    </ClInclude>
    <ClInclude Include="..\..\src\win32\GDBConnection.h">
      <Filter>win32</Filter>
    </ClInclude>
    <ClInclude Include="..\..\src\win32\glfont.h">
      <Filter>win32</Filter>
    </ClInclude>
    <ClInclude Include="..\..\src\win32\GSACodeSelect.h">
      <Filter>win32</Filter>
    </ClInclude>
    <ClInclude Include="..\..\src\win32\gzglfont.h">
      <Filter>win32</Filter>
    </ClInclude>
    <ClInclude Include="..\..\src\win32\Hyperlink.h">
      <Filter>win32</Filter>
    </ClInclude>
    <ClInclude Include="..\..\src\win32\Input.h">
      <Filter>win32</Filter>
    </ClInclude>
    <ClInclude Include="..\..\src\win32\IOViewer.h">
      <Filter>win32</Filter>
    </ClInclude>
    <ClInclude Include="..\..\src\win32\IOViewerRegs.h">
      <Filter>win32</Filter>
    </ClInclude>
    <ClInclude Include="..\..\src\win32\IUpdate.h">
      <Filter>win32</Filter>
    </ClInclude>
    <ClInclude Include="..\..\src\win32\JoybusOptions.h">
      <Filter>win32</Filter>
    </ClInclude>
    <ClInclude Include="..\..\src\win32\Joypad.h">
      <Filter>win32</Filter>
    </ClInclude>
    <ClInclude Include="..\..\src\win32\KeyboardEdit.h">
      <Filter>win32</Filter>
    </ClInclude>
    <ClInclude Include="..\..\src\win32\LangSelect.h">
      <Filter>win32</Filter>
    </ClInclude>
    <ClInclude Include="..\..\src\win32\LinkOptions.h">
      <Filter>win32</Filter>
    </ClInclude>
    <ClInclude Include="..\..\src\win32\Logging.h">
      <Filter>win32</Filter>
    </ClInclude>
    <ClInclude Include="..\..\src\win32\MainWnd.h">
      <Filter>win32</Filter>
    </ClInclude>
    <ClInclude Include="..\..\src\win32\MapView.h">
      <Filter>win32</Filter>
    </ClInclude>
    <ClInclude Include="..\..\src\win32\MaxScale.h">
      <Filter>win32</Filter>
    </ClInclude>
    <ClInclude Include="..\..\src\win32\MemoryViewer.h">
      <Filter>win32</Filter>
    </ClInclude>
    <ClInclude Include="..\..\src\win32\MemoryViewerAddressSize.h">
      <Filter>win32</Filter>
    </ClInclude>
    <ClInclude Include="..\..\src\win32\MemoryViewerDlg.h">
      <Filter>win32</Filter>
    </ClInclude>
    <ClInclude Include="..\..\src\win32\OALConfig.h">
      <Filter>win32</Filter>
    </ClInclude>
    <ClInclude Include="..\..\src\win32\OamView.h">
      <Filter>win32</Filter>
    </ClInclude>
    <ClInclude Include="..\..\src\win32\PaletteView.h">
      <Filter>win32</Filter>
    </ClInclude>
    <ClInclude Include="..\..\src\win32\PaletteViewControl.h">
      <Filter>win32</Filter>
    </ClInclude>
    <ClInclude Include="..\..\src\win32\Reg.h">
      <Filter>win32</Filter>
    </ClInclude>
    <ClInclude Include="..\..\src\win32\ResizeDlg.h">
      <Filter>win32</Filter>
    </ClInclude>
    <ClInclude Include="..\..\src\win32\resource.h">
      <Filter>win32</Filter>
    </ClInclude>
    <ClInclude Include="..\..\src\win32\RewindInterval.h">
      <Filter>win32</Filter>
    </ClInclude>
    <ClInclude Include="..\..\src\win32\RomInfo.h">
      <Filter>win32</Filter>
    </ClInclude>
    <ClInclude Include="..\..\src\win32\rpi.h">
      <Filter>win32</Filter>
    </ClInclude>
    <ClInclude Include="..\..\src\win32\SelectPlugin.h">
      <Filter>win32</Filter>
    </ClInclude>
    <ClInclude Include="..\..\src\win32\stdafx.h">
      <Filter>win32</Filter>
    </ClInclude>
    <ClInclude Include="..\..\src\win32\StringTokenizer.h">
      <Filter>win32</Filter>
    </ClInclude>
    <ClInclude Include="..\..\src\win32\targetver.h">
      <Filter>win32</Filter>
    </ClInclude>
    <ClInclude Include="..\..\src\win32\Throttle.h">
      <Filter>win32</Filter>
    </ClInclude>
    <ClInclude Include="..\..\src\win32\TileView.h">
      <Filter>win32</Filter>
    </ClInclude>
    <ClInclude Include="..\..\src\win32\VBA.h">
      <Filter>win32</Filter>
    </ClInclude>
    <ClInclude Include="..\..\src\win32\WavWriter.h">
      <Filter>win32</Filter>
    </ClInclude>
    <ClInclude Include="..\..\src\win32\WinHelper.h">
      <Filter>win32</Filter>
    </ClInclude>
    <ClInclude Include="..\..\src\win32\WinResUtil.h">
      <Filter>win32</Filter>
    </ClInclude>
    <ClInclude Include="..\..\src\win32\XAudio2_Config.h">
      <Filter>win32</Filter>
    </ClInclude>
    <ClInclude Include="..\..\src\win32\ZoomControl.h">
      <Filter>win32</Filter>
    </ClInclude>
    <ClInclude Include="..\..\src\common\Array.h">
      <Filter>common</Filter>
    </ClInclude>
    <ClInclude Include="..\..\src\common\ffmpeg.h">
      <Filter>common</Filter>
    </ClInclude>
    <ClInclude Include="..\..\src\win32\BugReport.h">
      <Filter>win32</Filter>
    </ClInclude>
  </ItemGroup>
  <ItemGroup>
    <None Include="..\..\doc\DevInfo.txt" />
    <None Include="..\..\doc\License.txt" />
    <None Include="..\..\doc\ReadMe.MFC.txt" />
    <None Include="..\..\src\filters\hq\asm\macros.mac">
      <Filter>filters\hq</Filter>
    </None>
    <None Include="..\..\src\win32\res\VBA.rc2">
      <Filter>win32\res</Filter>
    </None>
    <None Include="..\..\src\win32\res\VBA.ico">
      <Filter>win32\res</Filter>
    </None>
  </ItemGroup>
  <ItemGroup>
    <NASM Include="..\..\src\filters\2xSaImmx.asm">
      <Filter>filters</Filter>
    </NASM>
    <NASM Include="..\..\src\filters\hq\asm\hq3x_16.asm">
      <Filter>filters\hq</Filter>
    </NASM>
    <NASM Include="..\..\src\filters\hq\asm\hq3x_32.asm">
      <Filter>filters\hq</Filter>
    </NASM>
    <NASM Include="..\..\src\filters\hq\asm\hq4x_16.asm">
      <Filter>filters\hq</Filter>
    </NASM>
    <NASM Include="..\..\src\filters\hq\asm\hq4x_32.asm">
      <Filter>filters\hq</Filter>
    </NASM>
  </ItemGroup>
  <ItemGroup>
    <Filter Include="RA_Interface">
      <UniqueIdentifier>{64714078-9330-4773-a72e-32172122c34c}</UniqueIdentifier>
    </Filter>
    <Filter Include="gb">
      <UniqueIdentifier>{6f76f5db-25d9-4cc7-a453-498bda69bfa6}</UniqueIdentifier>
    </Filter>
    <Filter Include="gba">
      <UniqueIdentifier>{1f7234f9-4136-40d6-87ad-ade5bf3adabd}</UniqueIdentifier>
    </Filter>
    <Filter Include="win32">
      <UniqueIdentifier>{7983c30c-e4b4-4a1e-9aa1-d2addaa27c04}</UniqueIdentifier>
    </Filter>
    <Filter Include="filters">
      <UniqueIdentifier>{c5d7cf7a-a1a9-4500-847f-c688c41f18de}</UniqueIdentifier>
    </Filter>
    <Filter Include="filters\hq">
      <UniqueIdentifier>{989e2816-32cd-454a-a1bf-95e5d8b23032}</UniqueIdentifier>
    </Filter>
    <Filter Include="common">
      <UniqueIdentifier>{cb9a2f41-a9d4-4e6f-8836-2709525050e9}</UniqueIdentifier>
    </Filter>
    <Filter Include="apu">
      <UniqueIdentifier>{9ad2d1a5-950b-44b5-91df-b9ff6c08e15f}</UniqueIdentifier>
    </Filter>
    <Filter Include="win32\res">
      <UniqueIdentifier>{ebb13393-0718-4b6b-9c75-f863c168dd4a}</UniqueIdentifier>
    </Filter>
  </ItemGroup>
  <ItemGroup>
    <ResourceCompile Include="..\..\src\win32\VBA.rc">
      <Filter>win32</Filter>
    </ResourceCompile>
  </ItemGroup>
</Project>