<?xml version="1.0" encoding="utf-8"?>
<Project ToolsVersion="4.0" xmlns="http://schemas.microsoft.com/developer/msbuild/2003">
  <ItemGroup>
    <Filter Include="Source Files">
      <UniqueIdentifier>{8d747b22-fe37-45f7-9d0a-9ade3004cd57}</UniqueIdentifier>
      <Extensions>cpp;c;cxx;rc;def;r;odl;idl;hpj;bat</Extensions>
    </Filter>
    <Filter Include="Resource Files">
      <UniqueIdentifier>{32410e40-2b6e-47f4-b97c-5dd41fb58bdd}</UniqueIdentifier>
      <Extensions>ico;cur;bmp;dlg;rc2;rct;bin;rgs;gif;jpg;jpeg;jpe</Extensions>
    </Filter>
    <Filter Include="Header Files">
      <UniqueIdentifier>{459bc555-5c9e-4a19-988d-441040a9d1e4}</UniqueIdentifier>
      <Extensions>h;hpp;hxx;hm;inl</Extensions>
    </Filter>
  </ItemGroup>
  <ItemGroup>
    <ClCompile Include="..\src\snddrv\quasi88\2203fmgen.cpp">
      <Filter>Source Files</Filter>
    </ClCompile>
    <ClCompile Include="..\src\snddrv\src\sound\2203intf.c">
      <Filter>Source Files</Filter>
    </ClCompile>
    <ClCompile Include="..\src\snddrv\quasi88\2608fmgen.cpp">
      <Filter>Source Files</Filter>
    </ClCompile>
    <ClCompile Include="..\src\snddrv\src\sound\2608intf.c">
      <Filter>Source Files</Filter>
    </ClCompile>
    <ClCompile Include="..\src\WIN32\audio.c">
      <Filter>Source Files</Filter>
    </ClCompile>
    <ClCompile Include="..\src\snddrv\src\sound\ay8910.c">
      <Filter>Source Files</Filter>
    </ClCompile>
    <ClCompile Include="..\src\basic.c">
      <Filter>Source Files</Filter>
    </ClCompile>
    <ClCompile Include="..\src\snddrv\quasi88\beep.c">
      <Filter>Source Files</Filter>
    </ClCompile>
    <ClCompile Include="..\src\snddrv\quasi88\beepintf.c">
      <Filter>Source Files</Filter>
    </ClCompile>
    <ClCompile Include="..\src\crtcdmac.c">
      <Filter>Source Files</Filter>
    </ClCompile>
    <ClCompile Include="..\src\snddrv\src\driver.c">
      <Filter>Source Files</Filter>
    </ClCompile>
    <ClCompile Include="..\src\emu.c">
      <Filter>Source Files</Filter>
    </ClCompile>
    <ClCompile Include="..\src\WIN32\event.c">
      <Filter>Source Files</Filter>
    </ClCompile>
    <ClCompile Include="..\src\fdc.c">
      <Filter>Source Files</Filter>
    </ClCompile>
    <ClCompile Include="..\src\FWIN\file-op.c">
      <Filter>Source Files</Filter>
    </ClCompile>
    <ClCompile Include="..\src\snddrv\src\sound\flt_rc.c">
      <Filter>Source Files</Filter>
    </ClCompile>
    <ClCompile Include="..\src\snddrv\src\sound\flt_vol.c">
      <Filter>Source Files</Filter>
    </ClCompile>
    <ClCompile Include="..\src\snddrv\src\sound\fm.c">
      <Filter>Source Files</Filter>
    </ClCompile>
    <ClCompile Include="..\src\fmgen\fmgen.cpp">
      <Filter>Source Files</Filter>
    </ClCompile>
    <ClCompile Include="..\src\fmgen\fmtimer.cpp">
      <Filter>Source Files</Filter>
    </ClCompile>
    <ClCompile Include="..\src\getconf.c">
      <Filter>Source Files</Filter>
    </ClCompile>
    <ClCompile Include="..\src\image.c">
      <Filter>Source Files</Filter>
    </ClCompile>
    <ClCompile Include="..\src\intr.c">
      <Filter>Source Files</Filter>
    </ClCompile>
    <ClCompile Include="..\src\keyboard.c">
      <Filter>Source Files</Filter>
    </ClCompile>
    <ClCompile Include="..\src\snddrv\quasi88\mame-quasi88.c">
      <Filter>Source Files</Filter>
    </ClCompile>
    <ClCompile Include="..\src\menu-screen.c">
      <Filter>Source Files</Filter>
    </ClCompile>
    <ClCompile Include="..\src\menu.c">
      <Filter>Source Files</Filter>
    </ClCompile>
    <ClCompile Include="..\src\monitor.c">
      <Filter>Source Files</Filter>
    </ClCompile>
    <ClCompile Include="..\src\fmgen\opna.cpp">
      <Filter>Source Files</Filter>
    </ClCompile>
    <ClCompile Include="..\src\pause.c">
      <Filter>Source Files</Filter>
    </ClCompile>
    <ClCompile Include="..\src\pc88main.c">
      <Filter>Source Files</Filter>
    </ClCompile>
    <ClCompile Include="..\src\pc88sub.c">
      <Filter>Source Files</Filter>
    </ClCompile>
    <ClCompile Include="..\src\pio.c">
      <Filter>Source Files</Filter>
    </ClCompile>
    <ClCompile Include="..\src\fmgen\psg.cpp">
      <Filter>Source Files</Filter>
    </ClCompile>
    <ClCompile Include="..\src\q8tk-glib.c">
      <Filter>Source Files</Filter>
    </ClCompile>
    <ClCompile Include="..\src\q8tk.c">
      <Filter>Source Files</Filter>
    </ClCompile>
    <ClCompile Include="..\src\snddrv\src\restrack.c">
      <Filter>Source Files</Filter>
    </ClCompile>
    <ClCompile Include="..\src\romaji.c">
      <Filter>Source Files</Filter>
    </ClCompile>
    <ClCompile Include="..\src\snddrv\src\sound\samples.c">
      <Filter>Source Files</Filter>
    </ClCompile>
    <ClCompile Include="..\src\screen-16bpp.c">
      <Filter>Source Files</Filter>
    </ClCompile>
    <ClCompile Include="..\src\screen-32bpp.c">
      <Filter>Source Files</Filter>
    </ClCompile>
    <ClCompile Include="..\src\screen-8bpp.c">
      <Filter>Source Files</Filter>
    </ClCompile>
    <ClCompile Include="..\src\screen-snapshot.c">
      <Filter>Source Files</Filter>
    </ClCompile>
    <ClCompile Include="..\src\screen.c">
      <Filter>Source Files</Filter>
    </ClCompile>
    <ClCompile Include="..\src\snapshot.c">
      <Filter>Source Files</Filter>
    </ClCompile>
    <ClCompile Include="..\src\snddrv\src\sndintrf.c">
      <Filter>Source Files</Filter>
    </ClCompile>
    <ClCompile Include="..\src\snddrv\src\sound.c">
      <Filter>Source Files</Filter>
    </ClCompile>
    <ClCompile Include="..\src\soundbd.c">
      <Filter>Source Files</Filter>
    </ClCompile>
    <ClCompile Include="..\src\status.c">
      <Filter>Source Files</Filter>
    </ClCompile>
    <ClCompile Include="..\src\snddrv\src\streams.c">
      <Filter>Source Files</Filter>
    </ClCompile>
    <ClCompile Include="..\src\suspend.c">
      <Filter>Source Files</Filter>
    </ClCompile>
    <ClCompile Include="..\src\WIN32\wait.c">
      <Filter>Source Files</Filter>
    </ClCompile>
    <ClCompile Include="..\src\snddrv\src\sound\wavwrite.c">
      <Filter>Source Files</Filter>
    </ClCompile>
    <ClCompile Include="..\src\snddrv\src\sound\ymdeltat.c">
      <Filter>Source Files</Filter>
    </ClCompile>
    <ClCompile Include="..\src\z80-debug.c">
      <Filter>Source Files</Filter>
    </ClCompile>
    <ClCompile Include="..\src\z80.c">
      <Filter>Source Files</Filter>
    </ClCompile>
    <ClCompile Include="..\src\WIN32\retroachievements.cpp">
      <Filter>Source Files</Filter>
    </ClCompile>
    <ClCompile Include="..\src\WIN32\main.cpp">
      <Filter>Source Files</Filter>
    </ClCompile>
    <ClCompile Include="..\src\quasi88.cpp">
      <Filter>Source Files</Filter>
    </ClCompile>
    <ClCompile Include="..\src\WIN32\menubar.cpp">
      <Filter>Source Files</Filter>
    </ClCompile>
    <ClCompile Include="..\src\memory.c">
      <Filter>Source Files</Filter>
    </ClCompile>
    <ClCompile Include="..\src\WIN32\graph.cpp">
      <Filter>Source Files</Filter>
    </ClCompile>
    <ClCompile Include="..\..\RA_Integration\src\RA_Interface.cpp">
      <Filter>Source Files</Filter>
    </ClCompile>
  </ItemGroup>
  <ItemGroup>
    <ResourceCompile Include="..\src\WIN32\quasi88.rc">
      <Filter>Resource Files</Filter>
    </ResourceCompile>
  </ItemGroup>
</Project>