<?xml version="1.0" encoding="utf-8"?>
<Project ToolsVersion="4.0" xmlns="http://schemas.microsoft.com/developer/msbuild/2003">
  <ItemGroup>
    <Filter Include="Source Files">
      <UniqueIdentifier>{bb3f20af-845d-485b-8426-d7ad1b32b89a}</UniqueIdentifier>
      <Extensions>cpp;c;cxx;rc;def;r;odl;idl;hpj;bat</Extensions>
    </Filter>
    <Filter Include="Header Files">
      <UniqueIdentifier>{55aeb96b-0861-4227-8d12-b04d090f2bc2}</UniqueIdentifier>
      <Extensions>h;hpp;hxx;hm;inl</Extensions>
    </Filter>
    <Filter Include="Resource Files">
      <UniqueIdentifier>{f3f12000-a5f2-4338-8bbd-a3cae4f630c6}</UniqueIdentifier>
      <Extensions>ico;cur;bmp;dlg;rc2;rct;bin;rgs;gif;jpg;jpeg;jpe</Extensions>
    </Filter>
  </ItemGroup>
  <ItemGroup>
    <ClCompile Include="..\src\snddrv\quasi88\2203fmgen.cpp">
      <Filter>Source Files</Filter>
    </ClCompile>
    <ClCompile Include="..\src\snddrv\src\sound\2203intf.c">
      <Filter>Source Files</Filter>
    </ClCompile>
    <ClCompile Include="..\src\snddrv\quasi88\2608fmgen.cpp">
      <Filter>Source Files</Filter>
    </ClCompile>
    <ClCompile Include="..\src\snddrv\src\sound\2608intf.c">
      <Filter>Source Files</Filter>
    </ClCompile>
    <ClCompile Include="..\src\snddrv\quasi88\SDL\audio.c">
      <Filter>Source Files</Filter>
    </ClCompile>
    <ClCompile Include="..\src\snddrv\src\sound\ay8910.c">
      <Filter>Source Files</Filter>
    </ClCompile>
    <ClCompile Include="..\src\basic.c">
      <Filter>Source Files</Filter>
    </ClCompile>
    <ClCompile Include="..\src\snddrv\quasi88\beep.c">
      <Filter>Source Files</Filter>
    </ClCompile>
    <ClCompile Include="..\src\snddrv\quasi88\beepintf.c">
      <Filter>Source Files</Filter>
    </ClCompile>
    <ClCompile Include="..\src\crtcdmac.c">
      <Filter>Source Files</Filter>
    </ClCompile>
    <ClCompile Include="..\src\snddrv\src\driver.c">
      <Filter>Source Files</Filter>
    </ClCompile>
    <ClCompile Include="..\src\emu.c">
      <Filter>Source Files</Filter>
    </ClCompile>
    <ClCompile Include="..\src\SDL\event.c">
      <Filter>Source Files</Filter>
    </ClCompile>
    <ClCompile Include="..\src\fdc.c">
      <Filter>Source Files</Filter>
    </ClCompile>
    <ClCompile Include="..\src\FWIN\file-op.c">
      <Filter>Source Files</Filter>
    </ClCompile>
    <ClCompile Include="..\src\snddrv\src\sound\flt_rc.c">
      <Filter>Source Files</Filter>
    </ClCompile>
    <ClCompile Include="..\src\snddrv\src\sound\flt_vol.c">
      <Filter>Source Files</Filter>
    </ClCompile>
    <ClCompile Include="..\src\snddrv\src\sound\fm.c">
      <Filter>Source Files</Filter>
    </ClCompile>
    <ClCompile Include="..\src\fmgen\fmgen.cpp">
      <Filter>Source Files</Filter>
    </ClCompile>
    <ClCompile Include="..\src\fmgen\fmtimer.cpp">
      <Filter>Source Files</Filter>
    </ClCompile>
    <ClCompile Include="..\src\getconf.c">
      <Filter>Source Files</Filter>
    </ClCompile>
    <ClCompile Include="..\src\SDL\graph.c">
      <Filter>Source Files</Filter>
    </ClCompile>
    <ClCompile Include="..\src\image.c">
      <Filter>Source Files</Filter>
    </ClCompile>
    <ClCompile Include="..\src\intr.c">
      <Filter>Source Files</Filter>
    </ClCompile>
    <ClCompile Include="..\src\keyboard.c">
      <Filter>Source Files</Filter>
    </ClCompile>
    <ClCompile Include="..\src\SDL\main.c">
      <Filter>Source Files</Filter>
    </ClCompile>
    <ClCompile Include="..\src\snddrv\quasi88\mame-quasi88.c">
      <Filter>Source Files</Filter>
    </ClCompile>
    <ClCompile Include="..\src\memory.c">
      <Filter>Source Files</Filter>
    </ClCompile>
    <ClCompile Include="..\src\menu-screen.c">
      <Filter>Source Files</Filter>
    </ClCompile>
    <ClCompile Include="..\src\menu.c">
      <Filter>Source Files</Filter>
    </ClCompile>
    <ClCompile Include="..\src\monitor.c">
      <Filter>Source Files</Filter>
    </ClCompile>
    <ClCompile Include="..\src\fmgen\opna.cpp">
      <Filter>Source Files</Filter>
    </ClCompile>
    <ClCompile Include="..\src\pause.c">
      <Filter>Source Files</Filter>
    </ClCompile>
    <ClCompile Include="..\src\pc88main.c">
      <Filter>Source Files</Filter>
    </ClCompile>
    <ClCompile Include="..\src\pc88sub.c">
      <Filter>Source Files</Filter>
    </ClCompile>
    <ClCompile Include="..\src\pio.c">
      <Filter>Source Files</Filter>
    </ClCompile>
    <ClCompile Include="..\src\fmgen\psg.cpp">
      <Filter>Source Files</Filter>
    </ClCompile>
    <ClCompile Include="..\src\q8tk-glib.c">
      <Filter>Source Files</Filter>
    </ClCompile>
    <ClCompile Include="..\src\q8tk.c">
      <Filter>Source Files</Filter>
    </ClCompile>
    <ClCompile Include="..\src\snddrv\src\restrack.c">
      <Filter>Source Files</Filter>
    </ClCompile>
    <ClCompile Include="..\src\romaji.c">
      <Filter>Source Files</Filter>
    </ClCompile>
    <ClCompile Include="..\src\snddrv\src\sound\samples.c">
      <Filter>Source Files</Filter>
    </ClCompile>
    <ClCompile Include="..\src\screen-16bpp.c">
      <Filter>Source Files</Filter>
    </ClCompile>
    <ClCompile Include="..\src\screen-32bpp.c">
      <Filter>Source Files</Filter>
    </ClCompile>
    <ClCompile Include="..\src\screen-8bpp.c">
      <Filter>Source Files</Filter>
    </ClCompile>
    <ClCompile Include="..\src\screen-snapshot.c">
      <Filter>Source Files</Filter>
    </ClCompile>
    <ClCompile Include="..\src\screen.c">
      <Filter>Source Files</Filter>
    </ClCompile>
    <ClCompile Include="..\src\snddrv\quasi88\SDL\sdl.c">
      <Filter>Source Files</Filter>
    </ClCompile>
    <ClCompile Include="..\src\snapshot.c">
      <Filter>Source Files</Filter>
    </ClCompile>
    <ClCompile Include="..\src\snddrv\src\sndintrf.c">
      <Filter>Source Files</Filter>
    </ClCompile>
    <ClCompile Include="..\src\snddrv\src\sound.c">
      <Filter>Source Files</Filter>
    </ClCompile>
    <ClCompile Include="..\src\soundbd.c">
      <Filter>Source Files</Filter>
    </ClCompile>
    <ClCompile Include="..\src\status.c">
      <Filter>Source Files</Filter>
    </ClCompile>
    <ClCompile Include="..\src\snddrv\src\streams.c">
      <Filter>Source Files</Filter>
    </ClCompile>
    <ClCompile Include="..\src\suspend.c">
      <Filter>Source Files</Filter>
    </ClCompile>
    <ClCompile Include="..\src\SDL\wait.c">
      <Filter>Source Files</Filter>
    </ClCompile>
    <ClCompile Include="..\src\snddrv\src\sound\wavwrite.c">
      <Filter>Source Files</Filter>
    </ClCompile>
    <ClCompile Include="..\src\snddrv\src\sound\ymdeltat.c">
      <Filter>Source Files</Filter>
    </ClCompile>
    <ClCompile Include="..\src\z80-debug.c">
      <Filter>Source Files</Filter>
    </ClCompile>
    <ClCompile Include="..\src\z80.c">
      <Filter>Source Files</Filter>
    </ClCompile>
    <ClCompile Include="..\src\WIN32\retroachievements.cpp">
      <Filter>Source Files</Filter>
    </ClCompile>
    <ClCompile Include="..\dependencies\RAIntegration\src\RA_Interface.cpp">
      <Filter>Source Files</Filter>
    </ClCompile>
    <ClCompile Include="..\src\quasi88.cpp">
      <Filter>Source Files</Filter>
    </ClCompile>
  </ItemGroup>
  <ItemGroup>
    <Library Include="lib\Release_Win32\SDL.lib" />
    <Library Include="lib\Release_Win32\SDLmain.lib" />
  </ItemGroup>
</Project>