Microsoft Visual Studio Solution File, Format Version 12.00
# Visual Studio 15
VisualStudioVersion = 15.0.27703.2047
MinimumVisualStudioVersion = 10.0.40219.1
Project("{8BC9CEB8-8B4A-11D0-8D11-00A0C91BC942}") = "QUASI88_sdl", "QUASI88_sdl.vcxproj", "{655181F1-1D31-4343-A6D4-B04D98F9196F}"
	ProjectSection(ProjectDependencies) = postProject
		{81CE8DAF-EBB2-4761-8E45-B71ABCCA8C68} = {81CE8DAF-EBB2-4761-8E45-B71ABCCA8C68}
		{DA956FD3-E142-46F2-9DD5-C78BEBB56B7A} = {DA956FD3-E142-46F2-9DD5-C78BEBB56B7A}
	EndProjectSection
EndProject
Project("{8BC9CEB8-8B4A-11D0-8D11-00A0C91BC942}") = "QUASI88_win32", "QUASI88_win32.vcxproj", "{0C50D901-AF65-4ACE-88F6-1F4B5A10350E}"
EndProject
Project("{8BC9CEB8-8B4A-11D0-8D11-00A0C91BC942}") = "SDL", "SDL.vcxproj", "{81CE8DAF-EBB2-4761-8E45-B71ABCCA8C68}"
	ProjectSection(ProjectDependencies) = postProject
		{DA956FD3-E142-46F2-9DD5-C78BEBB56B7A} = {DA956FD3-E142-46F2-9DD5-C78BEBB56B7A}
	EndProjectSection
EndProject
Project("{8BC9CEB8-8B4A-11D0-8D11-00A0C91BC942}") = "SDLmain", "SDLmain.vcxproj", "{DA956FD3-E142-46F2-9DD5-C78BEBB56B7A}"
EndProject
Global
	GlobalSection(SolutionConfigurationPlatforms) = preSolution
		Analysis|Win32 = Analysis|Win32
		Analysis|x64 = Analysis|x64
		AnalysisUnicode|Win32 = AnalysisUnicode|Win32
		AnalysisUnicode|x64 = AnalysisUnicode|x64
		Debug|Win32 = Debug|Win32
		Debug|x64 = Debug|x64
		DebugUnicode|Win32 = DebugUnicode|Win32
		DebugUnicode|x64 = DebugUnicode|x64
		Monitor|Win32 = Monitor|Win32
		Monitor|x64 = Monitor|x64
		Release|Win32 = Release|Win32
		Release|x64 = Release|x64
		ReleaseUnicode|Win32 = ReleaseUnicode|Win32
		ReleaseUnicode|x64 = ReleaseUnicode|x64
		ReleaseWithDebug|Win32 = ReleaseWithDebug|Win32
		ReleaseWithDebug|x64 = ReleaseWithDebug|x64
		ReleaseWithDebugUnicode|Win32 = ReleaseWithDebugUnicode|Win32
		ReleaseWithDebugUnicode|x64 = ReleaseWithDebugUnicode|x64
	EndGlobalSection
	GlobalSection(ProjectConfigurationPlatforms) = postSolution
		{655181F1-1D31-4343-A6D4-B04D98F9196F}.Analysis|Win32.ActiveCfg = Release|Win32
		{655181F1-1D31-4343-A6D4-B04D98F9196F}.Analysis|Win32.Build.0 = Release|Win32
		{655181F1-1D31-4343-A6D4-B04D98F9196F}.Analysis|x64.ActiveCfg = Release|Win32
		{655181F1-1D31-4343-A6D4-B04D98F9196F}.Analysis|x64.Build.0 = Release|Win32
		{655181F1-1D31-4343-A6D4-B04D98F9196F}.AnalysisUnicode|Win32.ActiveCfg = Release|Win32
		{655181F1-1D31-4343-A6D4-B04D98F9196F}.AnalysisUnicode|Win32.Build.0 = Release|Win32
		{655181F1-1D31-4343-A6D4-B04D98F9196F}.AnalysisUnicode|x64.ActiveCfg = Release|Win32
		{655181F1-1D31-4343-A6D4-B04D98F9196F}.AnalysisUnicode|x64.Build.0 = Release|Win32
		{655181F1-1D31-4343-A6D4-B04D98F9196F}.Debug|Win32.ActiveCfg = Debug|Win32
		{655181F1-1D31-4343-A6D4-B04D98F9196F}.Debug|Win32.Build.0 = Debug|Win32
		{655181F1-1D31-4343-A6D4-B04D98F9196F}.Debug|x64.ActiveCfg = Debug|Win32
		{655181F1-1D31-4343-A6D4-B04D98F9196F}.DebugUnicode|Win32.ActiveCfg = Debug|Win32
		{655181F1-1D31-4343-A6D4-B04D98F9196F}.DebugUnicode|Win32.Build.0 = Debug|Win32
		{655181F1-1D31-4343-A6D4-B04D98F9196F}.DebugUnicode|x64.ActiveCfg = Release|Win32
		{655181F1-1D31-4343-A6D4-B04D98F9196F}.DebugUnicode|x64.Build.0 = Release|Win32
		{655181F1-1D31-4343-A6D4-B04D98F9196F}.Monitor|Win32.ActiveCfg = Monitor|Win32
		{655181F1-1D31-4343-A6D4-B04D98F9196F}.Monitor|Win32.Build.0 = Monitor|Win32
		{655181F1-1D31-4343-A6D4-B04D98F9196F}.Monitor|x64.ActiveCfg = Monitor|Win32
		{655181F1-1D31-4343-A6D4-B04D98F9196F}.Release|Win32.ActiveCfg = Release|Win32
		{655181F1-1D31-4343-A6D4-B04D98F9196F}.Release|Win32.Build.0 = Release|Win32
		{655181F1-1D31-4343-A6D4-B04D98F9196F}.Release|x64.ActiveCfg = Release|Win32
		{655181F1-1D31-4343-A6D4-B04D98F9196F}.ReleaseUnicode|Win32.ActiveCfg = Release|Win32
		{655181F1-1D31-4343-A6D4-B04D98F9196F}.ReleaseUnicode|Win32.Build.0 = Release|Win32
		{655181F1-1D31-4343-A6D4-B04D98F9196F}.ReleaseUnicode|x64.ActiveCfg = Release|Win32
		{655181F1-1D31-4343-A6D4-B04D98F9196F}.ReleaseUnicode|x64.Build.0 = Release|Win32
		{655181F1-1D31-4343-A6D4-B04D98F9196F}.ReleaseWithDebug|Win32.ActiveCfg = Release|Win32
		{655181F1-1D31-4343-A6D4-B04D98F9196F}.ReleaseWithDebug|Win32.Build.0 = Release|Win32
		{655181F1-1D31-4343-A6D4-B04D98F9196F}.ReleaseWithDebug|x64.ActiveCfg = Release|Win32
		{655181F1-1D31-4343-A6D4-B04D98F9196F}.ReleaseWithDebug|x64.Build.0 = Release|Win32
		{655181F1-1D31-4343-A6D4-B04D98F9196F}.ReleaseWithDebugUnicode|Win32.ActiveCfg = Release|Win32
		{655181F1-1D31-4343-A6D4-B04D98F9196F}.ReleaseWithDebugUnicode|Win32.Build.0 = Release|Win32
		{655181F1-1D31-4343-A6D4-B04D98F9196F}.ReleaseWithDebugUnicode|x64.ActiveCfg = Release|Win32
		{655181F1-1D31-4343-A6D4-B04D98F9196F}.ReleaseWithDebugUnicode|x64.Build.0 = Release|Win32
		{0C50D901-AF65-4ACE-88F6-1F4B5A10350E}.Analysis|Win32.ActiveCfg = Release|Win32
		{0C50D901-AF65-4ACE-88F6-1F4B5A10350E}.Analysis|Win32.Build.0 = Release|Win32
		{0C50D901-AF65-4ACE-88F6-1F4B5A10350E}.Analysis|x64.ActiveCfg = Release|Win32
		{0C50D901-AF65-4ACE-88F6-1F4B5A10350E}.Analysis|x64.Build.0 = Release|Win32
		{0C50D901-AF65-4ACE-88F6-1F4B5A10350E}.AnalysisUnicode|Win32.ActiveCfg = Release|Win32
		{0C50D901-AF65-4ACE-88F6-1F4B5A10350E}.AnalysisUnicode|Win32.Build.0 = Release|Win32
		{0C50D901-AF65-4ACE-88F6-1F4B5A10350E}.AnalysisUnicode|x64.ActiveCfg = Release|Win32
		{0C50D901-AF65-4ACE-88F6-1F4B5A10350E}.AnalysisUnicode|x64.Build.0 = Release|Win32
		{0C50D901-AF65-4ACE-88F6-1F4B5A10350E}.Debug|Win32.ActiveCfg = Debug|Win32
		{0C50D901-AF65-4ACE-88F6-1F4B5A10350E}.Debug|Win32.Build.0 = Debug|Win32
		{0C50D901-AF65-4ACE-88F6-1F4B5A10350E}.Debug|x64.ActiveCfg = Debug|Win32
		{0C50D901-AF65-4ACE-88F6-1F4B5A10350E}.DebugUnicode|Win32.ActiveCfg = Debug|Win32
		{0C50D901-AF65-4ACE-88F6-1F4B5A10350E}.DebugUnicode|Win32.Build.0 = Debug|Win32
		{0C50D901-AF65-4ACE-88F6-1F4B5A10350E}.DebugUnicode|x64.ActiveCfg = Release|Win32
		{0C50D901-AF65-4ACE-88F6-1F4B5A10350E}.DebugUnicode|x64.Build.0 = Release|Win32
		{0C50D901-AF65-4ACE-88F6-1F4B5A10350E}.Monitor|Win32.ActiveCfg = Release|Win32
		{0C50D901-AF65-4ACE-88F6-1F4B5A10350E}.Monitor|Win32.Build.0 = Release|Win32
		{0C50D901-AF65-4ACE-88F6-1F4B5A10350E}.Monitor|x64.ActiveCfg = Release|Win32
		{0C50D901-AF65-4ACE-88F6-1F4B5A10350E}.Release|Win32.ActiveCfg = Release|Win32
		{0C50D901-AF65-4ACE-88F6-1F4B5A10350E}.Release|Win32.Build.0 = Release|Win32
		{0C50D901-AF65-4ACE-88F6-1F4B5A10350E}.Release|x64.ActiveCfg = Release|Win32
		{0C50D901-AF65-4ACE-88F6-1F4B5A10350E}.ReleaseUnicode|Win32.ActiveCfg = Release|Win32
		{0C50D901-AF65-4ACE-88F6-1F4B5A10350E}.ReleaseUnicode|Win32.Build.0 = Release|Win32
		{0C50D901-AF65-4ACE-88F6-1F4B5A10350E}.ReleaseUnicode|x64.ActiveCfg = Release|Win32
		{0C50D901-AF65-4ACE-88F6-1F4B5A10350E}.ReleaseUnicode|x64.Build.0 = Release|Win32
		{0C50D901-AF65-4ACE-88F6-1F4B5A10350E}.ReleaseWithDebug|Win32.ActiveCfg = Release|Win32
		{0C50D901-AF65-4ACE-88F6-1F4B5A10350E}.ReleaseWithDebug|Win32.Build.0 = Release|Win32
		{0C50D901-AF65-4ACE-88F6-1F4B5A10350E}.ReleaseWithDebug|x64.ActiveCfg = Release|Win32
		{0C50D901-AF65-4ACE-88F6-1F4B5A10350E}.ReleaseWithDebug|x64.Build.0 = Release|Win32
		{0C50D901-AF65-4ACE-88F6-1F4B5A10350E}.ReleaseWithDebugUnicode|Win32.ActiveCfg = Release|Win32
		{0C50D901-AF65-4ACE-88F6-1F4B5A10350E}.ReleaseWithDebugUnicode|Win32.Build.0 = Release|Win32
		{0C50D901-AF65-4ACE-88F6-1F4B5A10350E}.ReleaseWithDebugUnicode|x64.ActiveCfg = Release|Win32
		{0C50D901-AF65-4ACE-88F6-1F4B5A10350E}.ReleaseWithDebugUnicode|x64.Build.0 = Release|Win32
		{81CE8DAF-EBB2-4761-8E45-B71ABCCA8C68}.Analysis|Win32.ActiveCfg = Debug|Win32
		{81CE8DAF-EBB2-4761-8E45-B71ABCCA8C68}.Analysis|Win32.Build.0 = Debug|Win32
		{81CE8DAF-EBB2-4761-8E45-B71ABCCA8C68}.Analysis|x64.ActiveCfg = Debug|x64
		{81CE8DAF-EBB2-4761-8E45-B71ABCCA8C68}.Analysis|x64.Build.0 = Debug|x64
		{81CE8DAF-EBB2-4761-8E45-B71ABCCA8C68}.AnalysisUnicode|Win32.ActiveCfg = Debug|Win32
		{81CE8DAF-EBB2-4761-8E45-B71ABCCA8C68}.AnalysisUnicode|Win32.Build.0 = Debug|Win32
		{81CE8DAF-EBB2-4761-8E45-B71ABCCA8C68}.AnalysisUnicode|x64.ActiveCfg = Debug|x64
		{81CE8DAF-EBB2-4761-8E45-B71ABCCA8C68}.AnalysisUnicode|x64.Build.0 = Debug|x64
		{81CE8DAF-EBB2-4761-8E45-B71ABCCA8C68}.Debug|Win32.ActiveCfg = Release|Win32
		{81CE8DAF-EBB2-4761-8E45-B71ABCCA8C68}.Debug|Win32.Build.0 = Release|Win32
		{81CE8DAF-EBB2-4761-8E45-B71ABCCA8C68}.Debug|x64.ActiveCfg = Release|Win32
		{81CE8DAF-EBB2-4761-8E45-B71ABCCA8C68}.DebugUnicode|Win32.ActiveCfg = Debug|Win32
		{81CE8DAF-EBB2-4761-8E45-B71ABCCA8C68}.DebugUnicode|Win32.Build.0 = Debug|Win32
		{81CE8DAF-EBB2-4761-8E45-B71ABCCA8C68}.DebugUnicode|x64.ActiveCfg = Debug|x64
		{81CE8DAF-EBB2-4761-8E45-B71ABCCA8C68}.DebugUnicode|x64.Build.0 = Debug|x64
		{81CE8DAF-EBB2-4761-8E45-B71ABCCA8C68}.Monitor|Win32.ActiveCfg = Release|Win32
		{81CE8DAF-EBB2-4761-8E45-B71ABCCA8C68}.Monitor|Win32.Build.0 = Release|Win32
		{81CE8DAF-EBB2-4761-8E45-B71ABCCA8C68}.Monitor|x64.ActiveCfg = Release|x64
		{81CE8DAF-EBB2-4761-8E45-B71ABCCA8C68}.Release|Win32.ActiveCfg = Release|Win32
		{81CE8DAF-EBB2-4761-8E45-B71ABCCA8C68}.Release|Win32.Build.0 = Release|Win32
		{81CE8DAF-EBB2-4761-8E45-B71ABCCA8C68}.Release|x64.ActiveCfg = Release|Win32
		{81CE8DAF-EBB2-4761-8E45-B71ABCCA8C68}.ReleaseUnicode|Win32.ActiveCfg = Release|Win32
		{81CE8DAF-EBB2-4761-8E45-B71ABCCA8C68}.ReleaseUnicode|Win32.Build.0 = Release|Win32
		{81CE8DAF-EBB2-4761-8E45-B71ABCCA8C68}.ReleaseUnicode|x64.ActiveCfg = Release|x64
		{81CE8DAF-EBB2-4761-8E45-B71ABCCA8C68}.ReleaseUnicode|x64.Build.0 = Release|x64
		{81CE8DAF-EBB2-4761-8E45-B71ABCCA8C68}.ReleaseWithDebug|Win32.ActiveCfg = Release|Win32
		{81CE8DAF-EBB2-4761-8E45-B71ABCCA8C68}.ReleaseWithDebug|Win32.Build.0 = Release|Win32
		{81CE8DAF-EBB2-4761-8E45-B71ABCCA8C68}.ReleaseWithDebug|x64.ActiveCfg = Release|x64
		{81CE8DAF-EBB2-4761-8E45-B71ABCCA8C68}.ReleaseWithDebug|x64.Build.0 = Release|x64
		{81CE8DAF-EBB2-4761-8E45-B71ABCCA8C68}.ReleaseWithDebugUnicode|Win32.ActiveCfg = Release|Win32
		{81CE8DAF-EBB2-4761-8E45-B71ABCCA8C68}.ReleaseWithDebugUnicode|Win32.Build.0 = Release|Win32
		{81CE8DAF-EBB2-4761-8E45-B71ABCCA8C68}.ReleaseWithDebugUnicode|x64.ActiveCfg = Release|x64
		{81CE8DAF-EBB2-4761-8E45-B71ABCCA8C68}.ReleaseWithDebugUnicode|x64.Build.0 = Release|x64
		{DA956FD3-E142-46F2-9DD5-C78BEBB56B7A}.Analysis|Win32.ActiveCfg = Debug|Win32
		{DA956FD3-E142-46F2-9DD5-C78BEBB56B7A}.Analysis|Win32.Build.0 = Debug|Win32
		{DA956FD3-E142-46F2-9DD5-C78BEBB56B7A}.Analysis|x64.ActiveCfg = Release|x64
		{DA956FD3-E142-46F2-9DD5-C78BEBB56B7A}.Analysis|x64.Build.0 = Release|x64
		{DA956FD3-E142-46F2-9DD5-C78BEBB56B7A}.AnalysisUnicode|Win32.ActiveCfg = Debug|Win32
		{DA956FD3-E142-46F2-9DD5-C78BEBB56B7A}.AnalysisUnicode|Win32.Build.0 = Debug|Win32
		{DA956FD3-E142-46F2-9DD5-C78BEBB56B7A}.AnalysisUnicode|x64.ActiveCfg = Release|x64
		{DA956FD3-E142-46F2-9DD5-C78BEBB56B7A}.AnalysisUnicode|x64.Build.0 = Release|x64
		{DA956FD3-E142-46F2-9DD5-C78BEBB56B7A}.Debug|Win32.ActiveCfg = Release|Win32
		{DA956FD3-E142-46F2-9DD5-C78BEBB56B7A}.Debug|Win32.Build.0 = Release|Win32
		{DA956FD3-E142-46F2-9DD5-C78BEBB56B7A}.Debug|x64.ActiveCfg = Release_NoSTDIO|Win32
		{DA956FD3-E142-46F2-9DD5-C78BEBB56B7A}.DebugUnicode|Win32.ActiveCfg = Debug|Win32
		{DA956FD3-E142-46F2-9DD5-C78BEBB56B7A}.DebugUnicode|Win32.Build.0 = Debug|Win32
		{DA956FD3-E142-46F2-9DD5-C78BEBB56B7A}.DebugUnicode|x64.ActiveCfg = Debug|x64
		{DA956FD3-E142-46F2-9DD5-C78BEBB56B7A}.DebugUnicode|x64.Build.0 = Debug|x64
		{DA956FD3-E142-46F2-9DD5-C78BEBB56B7A}.Monitor|Win32.ActiveCfg = Release|Win32
		{DA956FD3-E142-46F2-9DD5-C78BEBB56B7A}.Monitor|Win32.Build.0 = Release|Win32
		{DA956FD3-E142-46F2-9DD5-C78BEBB56B7A}.Monitor|x64.ActiveCfg = Release_NoSTDIO|x64
		{DA956FD3-E142-46F2-9DD5-C78BEBB56B7A}.Release|Win32.ActiveCfg = Release|Win32
		{DA956FD3-E142-46F2-9DD5-C78BEBB56B7A}.Release|Win32.Build.0 = Release|Win32
		{DA956FD3-E142-46F2-9DD5-C78BEBB56B7A}.Release|x64.ActiveCfg = Release_NoSTDIO|Win32
		{DA956FD3-E142-46F2-9DD5-C78BEBB56B7A}.ReleaseUnicode|Win32.ActiveCfg = Release_NoSTDIO|Win32
		{DA956FD3-E142-46F2-9DD5-C78BEBB56B7A}.ReleaseUnicode|Win32.Build.0 = Release_NoSTDIO|Win32
		{DA956FD3-E142-46F2-9DD5-C78BEBB56B7A}.ReleaseUnicode|x64.ActiveCfg = Release|x64
		{DA956FD3-E142-46F2-9DD5-C78BEBB56B7A}.ReleaseUnicode|x64.Build.0 = Release|x64
		{DA956FD3-E142-46F2-9DD5-C78BEBB56B7A}.ReleaseWithDebug|Win32.ActiveCfg = Release_NoSTDIO|Win32
		{DA956FD3-E142-46F2-9DD5-C78BEBB56B7A}.ReleaseWithDebug|Win32.Build.0 = Release_NoSTDIO|Win32
		{DA956FD3-E142-46F2-9DD5-C78BEBB56B7A}.ReleaseWithDebug|x64.ActiveCfg = Release|x64
		{DA956FD3-E142-46F2-9DD5-C78BEBB56B7A}.ReleaseWithDebug|x64.Build.0 = Release|x64
		{DA956FD3-E142-46F2-9DD5-C78BEBB56B7A}.ReleaseWithDebugUnicode|Win32.ActiveCfg = Release_NoSTDIO|Win32
		{DA956FD3-E142-46F2-9DD5-C78BEBB56B7A}.ReleaseWithDebugUnicode|Win32.Build.0 = Release_NoSTDIO|Win32
		{DA956FD3-E142-46F2-9DD5-C78BEBB56B7A}.ReleaseWithDebugUnicode|x64.ActiveCfg = Release|x64
		{DA956FD3-E142-46F2-9DD5-C78BEBB56B7A}.ReleaseWithDebugUnicode|x64.Build.0 = Release|x64
	EndGlobalSection
	GlobalSection(SolutionProperties) = preSolution
		HideSolutionNode = FALSE
	EndGlobalSection
	GlobalSection(ExtensibilityGlobals) = postSolution
		SolutionGuid = {EC6D61AC-36BA-4EEC-BA2A-6803B622C25C}
	EndGlobalSection
EndGlobal
