<?xml version="1.0" encoding="utf-8"?>
<Project ToolsVersion="4.0" xmlns="http://schemas.microsoft.com/developer/msbuild/2003">
  <ItemGroup>
    <Filter Include="IG">
      <UniqueIdentifier>{c5f3843d-29e4-4b85-8abb-6bcb074d2f5b}</UniqueIdentifier>
    </Filter>
    <Filter Include="Resources">
      <UniqueIdentifier>{9d2782d0-2799-4326-8dea-0be414370240}</UniqueIdentifier>
    </Filter>
    <Filter Include="CD">
      <UniqueIdentifier>{2a07bbf5-b4a4-4d72-badb-692cdc00c217}</UniqueIdentifier>
    </Filter>
    <Filter Include="Misc">
      <UniqueIdentifier>{1453224e-d7f8-4fb3-b612-5d4419b4281a}</UniqueIdentifier>
    </Filter>
    <Filter Include="System">
      <UniqueIdentifier>{e89cf74a-cac3-412e-a25b-9c106e7e9f5b}</UniqueIdentifier>
    </Filter>
    <Filter Include="Audio">
      <UniqueIdentifier>{0e9229e4-f174-42cb-8f38-d4ffac715142}</UniqueIdentifier>
    </Filter>
    <Filter Include="Input">
      <UniqueIdentifier>{5919e8bc-0aba-4ea8-912e-75293c3abe48}</UniqueIdentifier>
    </Filter>
    <Filter Include="Input\Main">
      <UniqueIdentifier>{b4e9dddb-aee6-49df-b89f-79ead6d5e562}</UniqueIdentifier>
    </Filter>
    <Filter Include="Graphics">
      <UniqueIdentifier>{b9802831-83b2-468c-a0fe-ac36007b1071}</UniqueIdentifier>
    </Filter>
    <Filter Include="Net">
      <UniqueIdentifier>{3812e357-8a88-4927-af00-9f6d8561f652}</UniqueIdentifier>
    </Filter>
    <Filter Include="RA_Implementation">
      <UniqueIdentifier>{2d7492c0-2f5f-4519-a5a0-14950df33198}</UniqueIdentifier>
    </Filter>
    <Filter Include="NASM">
      <UniqueIdentifier>{c5ab6dec-1f83-4329-a311-5eae417da5fc}</UniqueIdentifier>
    </Filter>
  </ItemGroup>
  <ItemGroup>
    <ClCompile Include="..\common\src\DialogProc.cpp">
      <Filter>IG</Filter>
    </ClCompile>
    <ClCompile Include="..\common\src\cd_aspi.cpp">
      <Filter>CD</Filter>
    </ClCompile>
    <ClCompile Include="..\common\src\cd_file.c">
      <Filter>CD</Filter>
    </ClCompile>
    <ClCompile Include="..\common\src\cd_sys.c">
      <Filter>CD</Filter>
    </ClCompile>
    <ClCompile Include="..\common\src\LC89510.c">
      <Filter>CD</Filter>
    </ClCompile>
    <ClCompile Include="..\common\src\Debug.cpp">
      <Filter>Misc</Filter>
    </ClCompile>
    <ClCompile Include="..\common\src\ggenie.cpp">
      <Filter>Misc</Filter>
    </ClCompile>
    <ClCompile Include="..\common\src\save.cpp">
      <Filter>Misc</Filter>
    </ClCompile>
    <ClCompile Include="..\common\src\scrshot.cpp">
      <Filter>Misc</Filter>
    </ClCompile>
    <ClCompile Include="..\common\src\unzip.c">
      <Filter>Misc</Filter>
    </ClCompile>
    <ClCompile Include="..\common\src\Cpu_68k.c">
      <Filter>System</Filter>
    </ClCompile>
    <ClCompile Include="..\common\src\Cpu_SH2.c">
      <Filter>System</Filter>
    </ClCompile>
    <ClCompile Include="..\common\src\Cpu_Z80.c">
      <Filter>System</Filter>
    </ClCompile>
    <ClCompile Include="..\common\src\dct64_i386.c">
      <Filter>System</Filter>
    </ClCompile>
    <ClCompile Include="..\common\src\decode_i386.c">
      <Filter>System</Filter>
    </ClCompile>
    <ClCompile Include="..\common\src\M68KD.c">
      <Filter>System</Filter>
    </ClCompile>
    <ClCompile Include="..\common\src\SH2.c">
      <Filter>System</Filter>
    </ClCompile>
    <ClCompile Include="..\common\src\SH2D.c">
      <Filter>System</Filter>
    </ClCompile>
    <ClCompile Include="..\common\src\tabinit.c">
      <Filter>System</Filter>
    </ClCompile>
    <ClCompile Include="..\common\src\z80dis.c">
      <Filter>System</Filter>
    </ClCompile>
    <ClCompile Include="..\common\src\cdda_mp3.c">
      <Filter>Audio</Filter>
    </ClCompile>
    <ClCompile Include="..\common\src\layer3.c">
      <Filter>Audio</Filter>
    </ClCompile>
    <ClCompile Include="..\common\src\pcm.c">
      <Filter>Audio</Filter>
    </ClCompile>
    <ClCompile Include="..\common\src\psg.c">
      <Filter>Audio</Filter>
    </ClCompile>
    <ClCompile Include="..\common\src\wave.c">
      <Filter>Audio</Filter>
    </ClCompile>
    <ClCompile Include="..\common\src\ym2612.c">
      <Filter>Audio</Filter>
    </ClCompile>
    <ClCompile Include="..\common\src\common.c">
      <Filter>Input\Main</Filter>
    </ClCompile>
    <ClCompile Include="..\common\src\G_dinput.cpp">
      <Filter>Input\Main</Filter>
    </ClCompile>
    <ClCompile Include="..\common\src\G_dsound.cpp">
      <Filter>Input\Main</Filter>
    </ClCompile>
    <ClCompile Include="..\common\src\G_main.cpp">
      <Filter>Input\Main</Filter>
    </ClCompile>
    <ClCompile Include="..\common\src\Gens.cpp">
      <Filter>Input\Main</Filter>
    </ClCompile>
    <ClCompile Include="..\common\src\interface.c">
      <Filter>Input\Main</Filter>
    </ClCompile>
    <ClCompile Include="..\common\src\Rom.cpp">
      <Filter>Input\Main</Filter>
    </ClCompile>
    <ClCompile Include="..\common\src\G_ddraw.cpp">
      <Filter>Graphics</Filter>
    </ClCompile>
    <ClCompile Include="..\common\src\net.cpp">
      <Filter>Net</Filter>
    </ClCompile>
    <ClCompile Include="..\common\src\RA_Implementation.cpp">
      <Filter>RA_Implementation</Filter>
    </ClCompile>
    <ClCompile Include="..\..\RA_Integration\RA_Interface.cpp">
      <Filter>RA_Implementation</Filter>
    </ClCompile>
  </ItemGroup>
  <ItemGroup>
    <ClInclude Include="..\common\src\DialogProc.h">
      <Filter>IG</Filter>
    </ClInclude>
    <ClInclude Include="..\common\src\afxres.h">
      <Filter>Resources</Filter>
    </ClInclude>
    <ClInclude Include="..\common\src\cd_aspi.h">
      <Filter>CD</Filter>
    </ClInclude>
    <ClInclude Include="..\common\src\cd_file.h">
      <Filter>CD</Filter>
    </ClInclude>
    <ClInclude Include="..\common\src\Cd_sys.h">
      <Filter>CD</Filter>
    </ClInclude>
    <ClInclude Include="..\common\src\LC89510.h">
      <Filter>CD</Filter>
    </ClInclude>
    <ClInclude Include="..\common\src\Debug.h">
      <Filter>Misc</Filter>
    </ClInclude>
    <ClInclude Include="..\common\src\ggenie.h">
      <Filter>Misc</Filter>
    </ClInclude>
    <ClInclude Include="..\common\src\htmlhelp.h">
      <Filter>Misc</Filter>
    </ClInclude>
    <ClInclude Include="..\common\src\huffman.h">
      <Filter>Misc</Filter>
    </ClInclude>
    <ClInclude Include="..\common\src\Misc.h">
      <Filter>Misc</Filter>
    </ClInclude>
    <ClInclude Include="..\common\src\save.h">
      <Filter>Misc</Filter>
    </ClInclude>
    <ClInclude Include="..\common\src\scrshot.h">
      <Filter>Misc</Filter>
    </ClInclude>
    <ClInclude Include="..\common\src\unzip.h">
      <Filter>Misc</Filter>
    </ClInclude>
    <ClInclude Include="..\common\src\zconf.h">
      <Filter>Misc</Filter>
    </ClInclude>
    <ClInclude Include="..\common\src\zlib.h">
      <Filter>Misc</Filter>
    </ClInclude>
    <ClInclude Include="..\common\src\Cpu_68k.h">
      <Filter>System</Filter>
    </ClInclude>
    <ClInclude Include="..\common\src\Cpu_SH2.h">
      <Filter>System</Filter>
    </ClInclude>
    <ClInclude Include="..\common\src\Cpu_Z80.h">
      <Filter>System</Filter>
    </ClInclude>
    <ClInclude Include="..\common\src\gfx_cd.h">
      <Filter>System</Filter>
    </ClInclude>
    <ClInclude Include="..\common\src\M68KD.h">
      <Filter>System</Filter>
    </ClInclude>
    <ClInclude Include="..\common\src\main68k.h">
      <Filter>System</Filter>
    </ClInclude>
    <ClInclude Include="..\common\src\Mem_M68k.h">
      <Filter>System</Filter>
    </ClInclude>
    <ClInclude Include="..\common\src\Mem_S68k.h">
      <Filter>System</Filter>
    </ClInclude>
    <ClInclude Include="..\common\src\Mem_SH2.h">
      <Filter>System</Filter>
    </ClInclude>
    <ClInclude Include="..\common\src\Mem_Z80.h">
      <Filter>System</Filter>
    </ClInclude>
    <ClInclude Include="..\common\src\mpg123.h">
      <Filter>System</Filter>
    </ClInclude>
    <ClInclude Include="..\common\src\mpglib.h">
      <Filter>System</Filter>
    </ClInclude>
    <ClInclude Include="..\common\src\pwm.h">
      <Filter>System</Filter>
    </ClInclude>
    <ClInclude Include="..\common\src\SH2.h">
      <Filter>System</Filter>
    </ClInclude>
    <ClInclude Include="..\common\src\SH2D.h">
      <Filter>System</Filter>
    </ClInclude>
    <ClInclude Include="..\common\src\Star_68k.h">
      <Filter>System</Filter>
    </ClInclude>
    <ClInclude Include="..\common\src\sub68k.h">
      <Filter>System</Filter>
    </ClInclude>
    <ClInclude Include="..\common\src\vdp_32X.h">
      <Filter>System</Filter>
    </ClInclude>
    <ClInclude Include="..\common\src\vdp_io.h">
      <Filter>System</Filter>
    </ClInclude>
    <ClInclude Include="..\common\src\vdp_rend.h">
      <Filter>System</Filter>
    </ClInclude>
    <ClInclude Include="..\common\src\z80.h">
      <Filter>System</Filter>
    </ClInclude>
    <ClInclude Include="..\common\src\z80dis.h">
      <Filter>System</Filter>
    </ClInclude>
    <ClInclude Include="..\common\src\cdda_mp3.h">
      <Filter>Audio</Filter>
    </ClInclude>
    <ClInclude Include="..\common\src\pcm.h">
      <Filter>Audio</Filter>
    </ClInclude>
    <ClInclude Include="..\common\src\psg.h">
      <Filter>Audio</Filter>
    </ClInclude>
    <ClInclude Include="..\common\src\wave.h">
      <Filter>Audio</Filter>
    </ClInclude>
    <ClInclude Include="..\common\src\ym2612.h">
      <Filter>Audio</Filter>
    </ClInclude>
    <ClInclude Include="..\common\src\io.h">
      <Filter>Input</Filter>
    </ClInclude>
    <ClInclude Include="..\common\src\keycode.h">
      <Filter>Input</Filter>
    </ClInclude>
    <ClInclude Include="..\common\src\G_dsound.h">
      <Filter>Input\Main</Filter>
    </ClInclude>
    <ClInclude Include="..\common\src\G_Input.h">
      <Filter>Input\Main</Filter>
    </ClInclude>
    <ClInclude Include="..\common\src\G_main.h">
      <Filter>Input\Main</Filter>
    </ClInclude>
    <ClInclude Include="..\common\src\gens.h">
      <Filter>Input\Main</Filter>
    </ClInclude>
    <ClInclude Include="..\common\src\Rom.h">
      <Filter>Input\Main</Filter>
    </ClInclude>
    <ClInclude Include="..\common\src\blit.h">
      <Filter>Graphics</Filter>
    </ClInclude>
    <ClInclude Include="..\common\src\G_ddraw.h">
      <Filter>Graphics</Filter>
    </ClInclude>
    <ClInclude Include="..\common\src\kailleraclient.h">
      <Filter>Net</Filter>
    </ClInclude>
    <ClInclude Include="..\common\src\net.h">
      <Filter>Net</Filter>
    </ClInclude>
    <ClInclude Include="..\common\src\RA_Implementation.h">
      <Filter>RA_Implementation</Filter>
    </ClInclude>
    <ClInclude Include="src\resource.h" />
    <ClInclude Include="..\common\src\BuildVer.h" />
    <ClInclude Include="..\..\RA_Integration\RA_Interface.h">
      <Filter>RA_Implementation</Filter>
    </ClInclude>
  </ItemGroup>
  <ItemGroup>
    <None Include="..\common\src\nasmhead.inc">
      <Filter>Misc</Filter>
    </None>
    <None Include="..\common\src\Mem_M68K_32X.inc">
      <Filter>System</Filter>
    </None>
    <None Include="..\common\src\Mem_M68K_CD.inc">
      <Filter>System</Filter>
    </None>
    <None Include="..\common\src\SH2_IO.inc">
      <Filter>System</Filter>
    </None>
    <None Include="Makefile" />
    <None Include="Makefile.inc" />
    <None Include="Makefile.targ.inc" />
    <None Include="..\common\src\language.dat" />
  </ItemGroup>
  <ItemGroup>
    <ResourceCompile Include="src\gens.rc" />
  </ItemGroup>
  <ItemGroup>
    <Text Include="..\common\src\LICENSE.txt" />
    <Text Include="..\common\src\main68kgen.txt" />
    <Text Include="..\common\src\sub68kgen.txt" />
  </ItemGroup>
  <ItemGroup>
    <CustomBuild Include="..\common\src\z80.asm">
      <Filter>NASM</Filter>
    </CustomBuild>
    <CustomBuild Include="..\common\src\vdp_rend.asm">
      <Filter>NASM</Filter>
    </CustomBuild>
    <CustomBuild Include="..\common\src\vdp_io.asm">
      <Filter>NASM</Filter>
    </CustomBuild>
    <CustomBuild Include="..\common\src\vdp_32X.asm">
      <Filter>NASM</Filter>
    </CustomBuild>
    <CustomBuild Include="..\common\src\SH2a.asm">
      <Filter>NASM</Filter>
    </CustomBuild>
    <CustomBuild Include="..\common\src\blit.asm">
      <Filter>NASM</Filter>
    </CustomBuild>
    <CustomBuild Include="..\common\src\gfx_cd.asm">
      <Filter>NASM</Filter>
    </CustomBuild>
    <CustomBuild Include="..\common\src\io.asm">
      <Filter>NASM</Filter>
    </CustomBuild>
    <CustomBuild Include="..\common\src\Mem_M68k.asm">
      <Filter>NASM</Filter>
    </CustomBuild>
    <CustomBuild Include="..\common\src\Mem_S68k.asm">
      <Filter>NASM</Filter>
    </CustomBuild>
    <CustomBuild Include="..\common\src\Mem_SH2.asm">
      <Filter>NASM</Filter>
    </CustomBuild>
    <CustomBuild Include="..\common\src\Mem_Z80.asm">
      <Filter>NASM</Filter>
    </CustomBuild>
    <CustomBuild Include="..\common\src\Misc.asm">
      <Filter>NASM</Filter>
    </CustomBuild>
    <CustomBuild Include="..\common\src\pwm.asm">
      <Filter>NASM</Filter>
    </CustomBuild>
    <CustomBuild Include="..\common\src\main68k.asm">
      <Filter>NASM</Filter>
    </CustomBuild>
    <CustomBuild Include="..\common\src\sub68k.asm">
      <Filter>NASM</Filter>
    </CustomBuild>
  </ItemGroup>
</Project>